// !$*UTF8*$!
{
	archiveVersion = 1;
	classes = {
	};
	objectVersion = 46;
	objects = {

/* Begin PBXBuildFile section */
		AC2369B71B9A1D86006D35C2 /* CharsetConverter.cpp in Sources */ = {isa = PBXBuildFile; fileRef = AC2369B61B9A1D86006D35C2 /* CharsetConverter.cpp */; };
		AC2369BC1B9A1E6B006D35C2 /* Extensions.cpp in Sources */ = {isa = PBXBuildFile; fileRef = AC2369BB1B9A1E6B006D35C2 /* Extensions.cpp */; };
		AC2369BF1B9A1F50006D35C2 /* Node.cpp in Sources */ = {isa = PBXBuildFile; fileRef = AC2369BE1B9A1F50006D35C2 /* Node.cpp */; };
		AC2369C31B9A1FE1006D35C2 /* ParserDom.cpp in Sources */ = {isa = PBXBuildFile; fileRef = AC2369C21B9A1FE1006D35C2 /* ParserDom.cpp */; };
		AC2369C61B9A203C006D35C2 /* ParserSax.cpp in Sources */ = {isa = PBXBuildFile; fileRef = AC2369C51B9A203C006D35C2 /* ParserSax.cpp */; };
		AC2369CC1B9A2232006D35C2 /* Uri.cpp in Sources */ = {isa = PBXBuildFile; fileRef = AC2369CB1B9A2232006D35C2 /* Uri.cpp */; };
		AC2369CF1B9A2271006D35C2 /* utils.cpp in Sources */ = {isa = PBXBuildFile; fileRef = AC2369CE1B9A2271006D35C2 /* utils.cpp */; };
		AC886AE81B99E03B00972B2E /* main.cpp in Sources */ = {isa = PBXBuildFile; fileRef = AC886AE61B99E03B00972B2E /* main.cpp */; };
/* End PBXBuildFile section */

/* Begin PBXCopyFilesBuildPhase section */
		AC886AB31B99DC7E00972B2E /* CopyFiles */ = {
			isa = PBXCopyFilesBuildPhase;
			buildActionMask = 2147483647;
			dstPath = /usr/share/man/man1/;
			dstSubfolderSpec = 0;
			files = (
			);
			runOnlyForDeploymentPostprocessing = 1;
		};
/* End PBXCopyFilesBuildPhase section */

/* Begin PBXFileReference section */
		AC2369B61B9A1D86006D35C2 /* CharsetConverter.cpp */ = {isa = PBXFileReference; fileEncoding = 4; lastKnownFileType = sourcecode.cpp.cpp; name = CharsetConverter.cpp; path = src/html/CharsetConverter.cpp; sourceTree = SOURCE_ROOT; };
		AC2369B81B9A1DCC006D35C2 /* CharsetConverter.h */ = {isa = PBXFileReference; fileEncoding = 4; lastKnownFileType = sourcecode.c.h; name = CharsetConverter.h; path = include/html/CharsetConverter.h; sourceTree = SOURCE_ROOT; };
		AC2369B91B9A1E10006D35C2 /* ci_string.h */ = {isa = PBXFileReference; fileEncoding = 4; lastKnownFileType = sourcecode.c.h; name = ci_string.h; path = include/html/ci_string.h; sourceTree = SOURCE_ROOT; };
		AC2369BA1B9A1E39006D35C2 /* debug.h */ = {isa = PBXFileReference; fileEncoding = 4; lastKnownFileType = sourcecode.c.h; name = debug.h; path = include/html/debug.h; sourceTree = SOURCE_ROOT; };
		AC2369BB1B9A1E6B006D35C2 /* Extensions.cpp */ = {isa = PBXFileReference; fileEncoding = 4; lastKnownFileType = sourcecode.cpp.cpp; name = Extensions.cpp; path = src/html/Extensions.cpp; sourceTree = SOURCE_ROOT; };
		AC2369BD1B9A1E9F006D35C2 /* Extensions.h */ = {isa = PBXFileReference; fileEncoding = 4; lastKnownFileType = sourcecode.c.h; name = Extensions.h; path = include/html/Extensions.h; sourceTree = SOURCE_ROOT; };
		AC2369BE1B9A1F50006D35C2 /* Node.cpp */ = {isa = PBXFileReference; fileEncoding = 4; lastKnownFileType = sourcecode.cpp.cpp; name = Node.cpp; path = src/html/Node.cpp; sourceTree = SOURCE_ROOT; };
		AC2369C01B9A1F79006D35C2 /* Node.h */ = {isa = PBXFileReference; fileEncoding = 4; lastKnownFileType = sourcecode.c.h; name = Node.h; path = include/html/Node.h; sourceTree = SOURCE_ROOT; };
		AC2369C11B9A1FB3006D35C2 /* wincstring.h */ = {isa = PBXFileReference; fileEncoding = 4; lastKnownFileType = sourcecode.c.h; name = wincstring.h; path = include/html/wincstring.h; sourceTree = SOURCE_ROOT; };
		AC2369C21B9A1FE1006D35C2 /* ParserDom.cpp */ = {isa = PBXFileReference; fileEncoding = 4; lastKnownFileType = sourcecode.cpp.cpp; name = ParserDom.cpp; path = src/html/ParserDom.cpp; sourceTree = SOURCE_ROOT; };
		AC2369C41B9A2017006D35C2 /* ParserDom.h */ = {isa = PBXFileReference; fileEncoding = 4; lastKnownFileType = sourcecode.c.h; name = ParserDom.h; path = include/html/ParserDom.h; sourceTree = SOURCE_ROOT; };
		AC2369C51B9A203C006D35C2 /* ParserSax.cpp */ = {isa = PBXFileReference; fileEncoding = 4; lastKnownFileType = sourcecode.cpp.cpp; name = ParserSax.cpp; path = src/html/ParserSax.cpp; sourceTree = SOURCE_ROOT; };
		AC2369C71B9A205F006D35C2 /* ParserSax.h */ = {isa = PBXFileReference; fileEncoding = 4; lastKnownFileType = sourcecode.c.h; name = ParserSax.h; path = include/html/ParserSax.h; sourceTree = SOURCE_ROOT; };
		AC2369C81B9A20A3006D35C2 /* tree.h */ = {isa = PBXFileReference; fileEncoding = 4; lastKnownFileType = sourcecode.c.h; name = tree.h; path = include/html/tree.h; sourceTree = SOURCE_ROOT; };
		AC2369C91B9A21EB006D35C2 /* profile.h */ = {isa = PBXFileReference; fileEncoding = 4; lastKnownFileType = sourcecode.c.h; name = profile.h; path = include/html/profile.h; sourceTree = SOURCE_ROOT; };
		AC2369CA1B9A2208006D35C2 /* tld.h */ = {isa = PBXFileReference; fileEncoding = 4; lastKnownFileType = sourcecode.c.h; name = tld.h; path = include/html/tld.h; sourceTree = SOURCE_ROOT; };
		AC2369CB1B9A2232006D35C2 /* Uri.cpp */ = {isa = PBXFileReference; fileEncoding = 4; lastKnownFileType = sourcecode.cpp.cpp; name = Uri.cpp; path = src/html/Uri.cpp; sourceTree = SOURCE_ROOT; };
		AC2369CD1B9A2252006D35C2 /* Uri.h */ = {isa = PBXFileReference; fileEncoding = 4; lastKnownFileType = sourcecode.c.h; name = Uri.h; path = include/html/Uri.h; sourceTree = SOURCE_ROOT; };
		AC2369CE1B9A2271006D35C2 /* utils.cpp */ = {isa = PBXFileReference; fileEncoding = 4; lastKnownFileType = sourcecode.cpp.cpp; name = utils.cpp; path = src/html/utils.cpp; sourceTree = SOURCE_ROOT; };
		AC2369D01B9A2292006D35C2 /* utils.h */ = {isa = PBXFileReference; fileEncoding = 4; lastKnownFileType = sourcecode.c.h; name = utils.h; path = include/html/utils.h; sourceTree = SOURCE_ROOT; };
		AC886AB51B99DC7E00972B2E /* findscholarships-new */ = {isa = PBXFileReference; explicitFileType = "compiled.mach-o.executable"; includeInIndex = 0; path = "findscholarships-new"; sourceTree = BUILT_PRODUCTS_DIR; };
		AC886AE61B99E03B00972B2E /* main.cpp */ = {isa = PBXFileReference; fileEncoding = 4; lastKnownFileType = sourcecode.cpp.cpp; path = main.cpp; sourceTree = SOURCE_ROOT; };
/* End PBXFileReference section */

/* Begin PBXFrameworksBuildPhase section */
		AC886AB21B99DC7E00972B2E /* Frameworks */ = {
			isa = PBXFrameworksBuildPhase;
			buildActionMask = 2147483647;
			files = (
			);
			runOnlyForDeploymentPostprocessing = 0;
		};
/* End PBXFrameworksBuildPhase section */

/* Begin PBXGroup section */
		AC2369B21B9A1D42006D35C2 /* include */ = {
			isa = PBXGroup;
			children = (
				AC2369B31B9A1D4F006D35C2 /* html */,
			);
			name = include;
			sourceTree = "<group>";
		};
		AC2369B31B9A1D4F006D35C2 /* html */ = {
			isa = PBXGroup;
			children = (
				AC2369B81B9A1DCC006D35C2 /* CharsetConverter.h */,
				AC2369B91B9A1E10006D35C2 /* ci_string.h */,
				AC2369BA1B9A1E39006D35C2 /* debug.h */,
				AC2369BD1B9A1E9F006D35C2 /* Extensions.h */,
				AC2369C01B9A1F79006D35C2 /* Node.h */,
				AC2369C11B9A1FB3006D35C2 /* wincstring.h */,
				AC2369C41B9A2017006D35C2 /* ParserDom.h */,
				AC2369C71B9A205F006D35C2 /* ParserSax.h */,
				AC2369C81B9A20A3006D35C2 /* tree.h */,
				AC2369C91B9A21EB006D35C2 /* profile.h */,
				AC2369CA1B9A2208006D35C2 /* tld.h */,
				AC2369CD1B9A2252006D35C2 /* Uri.h */,
				AC2369D01B9A2292006D35C2 /* utils.h */,
			);
			name = html;
			sourceTree = "<group>";
		};
		AC2369B41B9A1D56006D35C2 /* src */ = {
			isa = PBXGroup;
			children = (
				AC2369B51B9A1D5B006D35C2 /* html */,
			);
			name = src;
			sourceTree = "<group>";
		};
		AC2369B51B9A1D5B006D35C2 /* html */ = {
			isa = PBXGroup;
			children = (
				AC2369B61B9A1D86006D35C2 /* CharsetConverter.cpp */,
				AC2369BB1B9A1E6B006D35C2 /* Extensions.cpp */,
				AC2369BE1B9A1F50006D35C2 /* Node.cpp */,
				AC2369C21B9A1FE1006D35C2 /* ParserDom.cpp */,
				AC2369C51B9A203C006D35C2 /* ParserSax.cpp */,
				AC2369CB1B9A2232006D35C2 /* Uri.cpp */,
				AC2369CE1B9A2271006D35C2 /* utils.cpp */,
			);
			name = html;
			sourceTree = "<group>";
		};
		AC886AAC1B99DC7E00972B2E = {
			isa = PBXGroup;
			children = (
				AC886AB71B99DC7E00972B2E /* findscholarships-new */,
				AC886AB61B99DC7E00972B2E /* Products */,
			);
			sourceTree = "<group>";
		};
		AC886AB61B99DC7E00972B2E /* Products */ = {
			isa = PBXGroup;
			children = (
				AC886AB51B99DC7E00972B2E /* findscholarships-new */,
			);
			name = Products;
			sourceTree = "<group>";
		};
		AC886AB71B99DC7E00972B2E /* findscholarships-new */ = {
			isa = PBXGroup;
			children = (
				AC2369B41B9A1D56006D35C2 /* src */,
				AC2369B21B9A1D42006D35C2 /* include */,
				AC886AE61B99E03B00972B2E /* main.cpp */,
			);
			path = "findscholarships-new";
			sourceTree = "<group>";
		};
/* End PBXGroup section */

/* Begin PBXNativeTarget section */
		AC886AB41B99DC7E00972B2E /* findscholarships-new */ = {
			isa = PBXNativeTarget;
			buildConfigurationList = AC886ABC1B99DC7E00972B2E /* Build configuration list for PBXNativeTarget "findscholarships-new" */;
			buildPhases = (
				AC886AB11B99DC7E00972B2E /* Sources */,
				AC886AB21B99DC7E00972B2E /* Frameworks */,
				AC886AB31B99DC7E00972B2E /* CopyFiles */,
			);
			buildRules = (
			);
			dependencies = (
			);
			name = "findscholarships-new";
			productName = "findscholarships-new";
			productReference = AC886AB51B99DC7E00972B2E /* findscholarships-new */;
			productType = "com.apple.product-type.tool";
		};
/* End PBXNativeTarget section */

/* Begin PBXProject section */
		AC886AAD1B99DC7E00972B2E /* Project object */ = {
			isa = PBXProject;
			attributes = {
				LastUpgradeCheck = 0620;
				ORGANIZATIONNAME = "Minh Dao Tran";
				TargetAttributes = {
					AC886AB41B99DC7E00972B2E = {
						CreatedOnToolsVersion = 6.2;
					};
				};
			};
			buildConfigurationList = AC886AB01B99DC7E00972B2E /* Build configuration list for PBXProject "findscholarships-new" */;
			compatibilityVersion = "Xcode 3.2";
			developmentRegion = English;
			hasScannedForEncodings = 0;
			knownRegions = (
				en,
			);
			mainGroup = AC886AAC1B99DC7E00972B2E;
			productRefGroup = AC886AB61B99DC7E00972B2E /* Products */;
			projectDirPath = "";
			projectRoot = "";
			targets = (
				AC886AB41B99DC7E00972B2E /* findscholarships-new */,
			);
		};
/* End PBXProject section */

/* Begin PBXSourcesBuildPhase section */
		AC886AB11B99DC7E00972B2E /* Sources */ = {
			isa = PBXSourcesBuildPhase;
			buildActionMask = 2147483647;
			files = (
				AC2369CC1B9A2232006D35C2 /* Uri.cpp in Sources */,
				AC2369BC1B9A1E6B006D35C2 /* Extensions.cpp in Sources */,
				AC2369C61B9A203C006D35C2 /* ParserSax.cpp in Sources */,
				AC2369CF1B9A2271006D35C2 /* utils.cpp in Sources */,
				AC886AE81B99E03B00972B2E /* main.cpp in Sources */,
				AC2369B71B9A1D86006D35C2 /* CharsetConverter.cpp in Sources */,
				AC2369BF1B9A1F50006D35C2 /* Node.cpp in Sources */,
				AC2369C31B9A1FE1006D35C2 /* ParserDom.cpp in Sources */,
			);
			runOnlyForDeploymentPostprocessing = 0;
		};
/* End PBXSourcesBuildPhase section */

/* Begin XCBuildConfiguration section */
		AC886ABA1B99DC7E00972B2E /* Debug */ = {
			isa = XCBuildConfiguration;
			buildSettings = {
				ALWAYS_SEARCH_USER_PATHS = YES;
				CLANG_CXX_LANGUAGE_STANDARD = "gnu++0x";
				CLANG_CXX_LIBRARY = "libc++";
				CLANG_ENABLE_MODULES = YES;
				CLANG_ENABLE_OBJC_ARC = YES;
				CLANG_WARN_BOOL_CONVERSION = YES;
				CLANG_WARN_CONSTANT_CONVERSION = YES;
				CLANG_WARN_DIRECT_OBJC_ISA_USAGE = YES_ERROR;
				CLANG_WARN_EMPTY_BODY = YES;
				CLANG_WARN_ENUM_CONVERSION = YES;
				CLANG_WARN_INT_CONVERSION = YES;
				CLANG_WARN_OBJC_ROOT_CLASS = YES_ERROR;
				CLANG_WARN_UNREACHABLE_CODE = YES;
				CLANG_WARN__DUPLICATE_METHOD_MATCH = YES;
				COPY_PHASE_STRIP = NO;
				ENABLE_STRICT_OBJC_MSGSEND = YES;
				GCC_C_LANGUAGE_STANDARD = gnu99;
				GCC_DYNAMIC_NO_PIC = NO;
				GCC_OPTIMIZATION_LEVEL = 0;
				GCC_PREPROCESSOR_DEFINITIONS = (
					"DEBUG=1",
					"$(inherited)",
				);
				GCC_SYMBOLS_PRIVATE_EXTERN = NO;
				GCC_WARN_64_TO_32_BIT_CONVERSION = YES;
				GCC_WARN_ABOUT_RETURN_TYPE = YES_ERROR;
				GCC_WARN_UNDECLARED_SELECTOR = YES;
				GCC_WARN_UNINITIALIZED_AUTOS = YES_AGGRESSIVE;
				GCC_WARN_UNUSED_FUNCTION = YES;
				GCC_WARN_UNUSED_VARIABLE = YES;
				"LIBRARY_SEARCH_PATHS[arch=*]" = /usr/lib;
				MACOSX_DEPLOYMENT_TARGET = 10.9;
				MTL_ENABLE_DEBUG_INFO = YES;
				ONLY_ACTIVE_ARCH = YES;
				"OTHER_LDFLAGS[arch=*]" = "-liconv";
				SDKROOT = macosx;
			};
			name = Debug;
		};
		AC886ABB1B99DC7E00972B2E /* Release */ = {
			isa = XCBuildConfiguration;
			buildSettings = {
				ALWAYS_SEARCH_USER_PATHS = YES;
				CLANG_CXX_LANGUAGE_STANDARD = "gnu++0x";
				CLANG_CXX_LIBRARY = "libc++";
				CLANG_ENABLE_MODULES = YES;
				CLANG_ENABLE_OBJC_ARC = YES;
				CLANG_WARN_BOOL_CONVERSION = YES;
				CLANG_WARN_CONSTANT_CONVERSION = YES;
				CLANG_WARN_DIRECT_OBJC_ISA_USAGE = YES_ERROR;
				CLANG_WARN_EMPTY_BODY = YES;
				CLANG_WARN_ENUM_CONVERSION = YES;
				CLANG_WARN_INT_CONVERSION = YES;
				CLANG_WARN_OBJC_ROOT_CLASS = YES_ERROR;
				CLANG_WARN_UNREACHABLE_CODE = YES;
				CLANG_WARN__DUPLICATE_METHOD_MATCH = YES;
				COPY_PHASE_STRIP = NO;
				DEBUG_INFORMATION_FORMAT = "dwarf-with-dsym";
				ENABLE_NS_ASSERTIONS = NO;
				ENABLE_STRICT_OBJC_MSGSEND = YES;
				GCC_C_LANGUAGE_STANDARD = gnu99;
				GCC_WARN_64_TO_32_BIT_CONVERSION = YES;
				GCC_WARN_ABOUT_RETURN_TYPE = YES_ERROR;
				GCC_WARN_UNDECLARED_SELECTOR = YES;
				GCC_WARN_UNINITIALIZED_AUTOS = YES_AGGRESSIVE;
				GCC_WARN_UNUSED_FUNCTION = YES;
				GCC_WARN_UNUSED_VARIABLE = YES;
				"LIBRARY_SEARCH_PATHS[arch=*]" = /usr/lib;
				MACOSX_DEPLOYMENT_TARGET = 10.9;
				MTL_ENABLE_DEBUG_INFO = NO;
				"OTHER_LDFLAGS[arch=*]" = "-liconv";
				SDKROOT = macosx;
			};
			name = Release;
		};
		AC886ABD1B99DC7E00972B2E /* Debug */ = {
			isa = XCBuildConfiguration;
			buildSettings = {
				PRODUCT_NAME = "$(TARGET_NAME)";
			};
			name = Debug;
		};
		AC886ABE1B99DC7E00972B2E /* Release */ = {
			isa = XCBuildConfiguration;
			buildSettings = {
				PRODUCT_NAME = "$(TARGET_NAME)";
			};
			name = Release;
		};
/* End XCBuildConfiguration section */

/* Begin XCConfigurationList section */
		AC886AB01B99DC7E00972B2E /* Build configuration list for PBXProject "findscholarships-new" */ = {
			isa = XCConfigurationList;
			buildConfigurations = (
				AC886ABA1B99DC7E00972B2E /* Debug */,
				AC886ABB1B99DC7E00972B2E /* Release */,
			);
			defaultConfigurationIsVisible = 0;
			defaultConfigurationName = Release;
		};
		AC886ABC1B99DC7E00972B2E /* Build configuration list for PBXNativeTarget "findscholarships-new" */ = {
			isa = XCConfigurationList;
			buildConfigurations = (
				AC886ABD1B99DC7E00972B2E /* Debug */,
				AC886ABE1B99DC7E00972B2E /* Release */,
			);
			defaultConfigurationIsVisible = 0;
			defaultConfigurationName = Release;
		};
/* End XCConfigurationList section */
	};
	rootObject = AC886AAD1B99DC7E00972B2E /* Project object */;
}
