// !$*UTF8*$!
{
	archiveVersion = 1;
	classes = {
	};
	objectVersion = 46;
	objects = {

/* Begin PBXBuildFile section */
		AC1CFA7F1B9A3A3300B755DD /* CharsetConverter.cpp in Sources */ = {isa = PBXBuildFile; fileRef = AC2369B61B9A1D86006D35C2 /* CharsetConverter.cpp */; };
		AC1CFA801B9A3A3300B755DD /* Extensions.cpp in Sources */ = {isa = PBXBuildFile; fileRef = AC2369BB1B9A1E6B006D35C2 /* Extensions.cpp */; };
		AC1CFA811B9A3A3300B755DD /* Node.cpp in Sources */ = {isa = PBXBuildFile; fileRef = AC2369BE1B9A1F50006D35C2 /* Node.cpp */; };
		AC1CFA821B9A3A3300B755DD /* ParserDom.cpp in Sources */ = {isa = PBXBuildFile; fileRef = AC2369C21B9A1FE1006D35C2 /* ParserDom.cpp */; };
		AC1CFA831B9A3A3300B755DD /* ParserSax.cpp in Sources */ = {isa = PBXBuildFile; fileRef = AC2369C51B9A203C006D35C2 /* ParserSax.cpp */; };
		AC1CFA841B9A3A3300B755DD /* Uri.cpp in Sources */ = {isa = PBXBuildFile; fileRef = AC2369CB1B9A2232006D35C2 /* Uri.cpp */; };
		AC1CFA851B9A3A3300B755DD /* utils.cpp in Sources */ = {isa = PBXBuildFile; fileRef = AC2369CE1B9A2271006D35C2 /* utils.cpp */; };
		AC1CFA861B9A3B2D00B755DD /* libhtml.a in Frameworks */ = {isa = PBXBuildFile; fileRef = AC1CFA7B1B9A3A1F00B755DD /* libhtml.a */; };
		AC1CFA8F1B9A3B5E00B755DD /* Configuration.cpp in Sources */ = {isa = PBXBuildFile; fileRef = AC2369DB1B9A24F9006D35C2 /* Configuration.cpp */; };
		AC1CFA901B9A3B5E00B755DD /* ConstantStrings.cpp in Sources */ = {isa = PBXBuildFile; fileRef = AC2369DD1B9A2527006D35C2 /* ConstantStrings.cpp */; };
		AC1CFA911B9A3B5E00B755DD /* DateConverter.cpp in Sources */ = {isa = PBXBuildFile; fileRef = AC2369DF1B9A2577006D35C2 /* DateConverter.cpp */; };
		AC1CFA921B9A3B5E00B755DD /* HelperFunctions.cpp in Sources */ = {isa = PBXBuildFile; fileRef = AC2369E11B9A25A4006D35C2 /* HelperFunctions.cpp */; };
		AC1CFA931B9A3B5E00B755DD /* Logger.cpp in Sources */ = {isa = PBXBuildFile; fileRef = AC2369E31B9A25D4006D35C2 /* Logger.cpp */; };
		AC1CFA941B9A3BEB00B755DD /* libutilities.a in Frameworks */ = {isa = PBXBuildFile; fileRef = AC1CFA8B1B9A3B5300B755DD /* libutilities.a */; };
		AC1CFAA31B9B781000B755DD /* fetch.cpp in Sources */ = {isa = PBXBuildFile; fileRef = AC1CFAA21B9B781000B755DD /* fetch.cpp */; };
		AC1CFAA51B9B78C200B755DD /* FetcherBase.cpp in Sources */ = {isa = PBXBuildFile; fileRef = AC1CFAA41B9B78C200B755DD /* FetcherBase.cpp */; };
		AC1CFAA71B9B79D800B755DD /* FetcherDbworld.cpp in Sources */ = {isa = PBXBuildFile; fileRef = AC1CFAA61B9B79D800B755DD /* FetcherDbworld.cpp */; };
		AC1CFAAB1B9B7A7700B755DD /* FetcherScholarshipLinks.cpp in Sources */ = {isa = PBXBuildFile; fileRef = AC1CFAAA1B9B7A7700B755DD /* FetcherScholarshipLinks.cpp */; };
		AC1CFAAD1B9B7ADB00B755DD /* FetcherScholarshipPositions.cpp in Sources */ = {isa = PBXBuildFile; fileRef = AC1CFAAC1B9B7ADB00B755DD /* FetcherScholarshipPositions.cpp */; };
		AC1CFAB71B9B99EC00B755DD /* libhtml.a in Frameworks */ = {isa = PBXBuildFile; fileRef = AC1CFA7B1B9A3A1F00B755DD /* libhtml.a */; };
		AC1CFAB81B9B99EC00B755DD /* libutilities.a in Frameworks */ = {isa = PBXBuildFile; fileRef = AC1CFA8B1B9A3B5300B755DD /* libutilities.a */; };
		AC1CFAC41B9C5EC100B755DD /* Database.cpp in Sources */ = {isa = PBXBuildFile; fileRef = AC1CFAC31B9C5EC100B755DD /* Database.cpp */; };
		AC1CFAC61B9C5EE700B755DD /* DataEntry.cpp in Sources */ = {isa = PBXBuildFile; fileRef = AC1CFAC51B9C5EE700B755DD /* DataEntry.cpp */; };
		AC1CFAC81B9C5F1B00B755DD /* HtmlGenBase.cpp in Sources */ = {isa = PBXBuildFile; fileRef = AC1CFAC71B9C5F1B00B755DD /* HtmlGenBase.cpp */; };
		AC1CFACA1B9C5F6700B755DD /* HtmlGenDbworld.cpp in Sources */ = {isa = PBXBuildFile; fileRef = AC1CFAC91B9C5F6700B755DD /* HtmlGenDbworld.cpp */; };
		AC1CFACC1B9C5F9000B755DD /* HtmlGenScholarshipPosition.cpp in Sources */ = {isa = PBXBuildFile; fileRef = AC1CFACB1B9C5F9000B755DD /* HtmlGenScholarshipPosition.cpp */; };
		AC1CFACE1B9C5FC400B755DD /* HtmlGenScholarshipsLinks.cpp in Sources */ = {isa = PBXBuildFile; fileRef = AC1CFACD1B9C5FC400B755DD /* HtmlGenScholarshipsLinks.cpp */; };
		AC1CFAD01B9C5FE500B755DD /* HtmlResult.cpp in Sources */ = {isa = PBXBuildFile; fileRef = AC1CFACF1B9C5FE500B755DD /* HtmlResult.cpp */; };
		AC1CFAD21B9C600F00B755DD /* Manager.cpp in Sources */ = {isa = PBXBuildFile; fileRef = AC1CFAD11B9C600F00B755DD /* Manager.cpp */; };
		AC1CFAD41B9C602900B755DD /* Title.cpp in Sources */ = {isa = PBXBuildFile; fileRef = AC1CFAD31B9C602900B755DD /* Title.cpp */; };
		AC1CFAD61B9C607F00B755DD /* Database.h in Headers */ = {isa = PBXBuildFile; fileRef = AC1CFAD51B9C607F00B755DD /* Database.h */; };
		AC1CFAD81B9C60A900B755DD /* DataEntry.h in Headers */ = {isa = PBXBuildFile; fileRef = AC1CFAD71B9C60A900B755DD /* DataEntry.h */; };
		AC1CFADA1B9C60F300B755DD /* HtmlGenBase.h in Headers */ = {isa = PBXBuildFile; fileRef = AC1CFAD91B9C60F300B755DD /* HtmlGenBase.h */; };
		AC1CFADC1B9C612100B755DD /* HtmlGenDbworld.h in Headers */ = {isa = PBXBuildFile; fileRef = AC1CFADB1B9C612100B755DD /* HtmlGenDbworld.h */; };
		AC1CFADE1B9C614200B755DD /* HtmlGenScholarshipPosition.h in Headers */ = {isa = PBXBuildFile; fileRef = AC1CFADD1B9C614200B755DD /* HtmlGenScholarshipPosition.h */; };
		AC1CFAE01B9C616B00B755DD /* Header.h in Headers */ = {isa = PBXBuildFile; fileRef = AC1CFADF1B9C616B00B755DD /* Header.h */; };
		AC1CFAE21B9C618500B755DD /* HtmlResult.h in Headers */ = {isa = PBXBuildFile; fileRef = AC1CFAE11B9C618500B755DD /* HtmlResult.h */; };
		AC1CFAE41B9C619F00B755DD /* Manager.h in Headers */ = {isa = PBXBuildFile; fileRef = AC1CFAE31B9C619F00B755DD /* Manager.h */; };
		AC1CFAE61B9C61CB00B755DD /* Title.h in Headers */ = {isa = PBXBuildFile; fileRef = AC1CFAE51B9C61CB00B755DD /* Title.h */; };
		AC6D669C1B9CD387004CE102 /* HtmlGenScholarshipsLinks.h in Headers */ = {isa = PBXBuildFile; fileRef = AC6D669B1B9CD387004CE102 /* HtmlGenScholarshipsLinks.h */; };
		AC80DE311B9DA545007C88B5 /* Init.h in Headers */ = {isa = PBXBuildFile; fileRef = AC80DE301B9DA545007C88B5 /* Init.h */; };
		AC80DE331B9DA55B007C88B5 /* Init.cpp in Sources */ = {isa = PBXBuildFile; fileRef = AC80DE321B9DA55B007C88B5 /* Init.cpp */; };
		AC80DE341B9DB01C007C88B5 /* libinit.a in Frameworks */ = {isa = PBXBuildFile; fileRef = AC80DE2A1B9DA40E007C88B5 /* libinit.a */; };
		AC80DE361B9DE5B3007C88B5 /* findscholarships.cpp in Sources */ = {isa = PBXBuildFile; fileRef = AC80DE351B9DE5B3007C88B5 /* findscholarships.cpp */; };
		AC9730521B9EC500002D9E00 /* libhtmlgen.a in Frameworks */ = {isa = PBXBuildFile; fileRef = AC1CFABF1B9C5E9200B755DD /* libhtmlgen.a */; };
		AC9730531B9EC500002D9E00 /* libinit.a in Frameworks */ = {isa = PBXBuildFile; fileRef = AC80DE2A1B9DA40E007C88B5 /* libinit.a */; };
/* End PBXBuildFile section */

/* Begin PBXCopyFilesBuildPhase section */
		AC1CFA991B9B77DD00B755DD /* CopyFiles */ = {
			isa = PBXCopyFilesBuildPhase;
			buildActionMask = 2147483647;
			dstPath = /usr/share/man/man1/;
			dstSubfolderSpec = 0;
			files = (
			);
			runOnlyForDeploymentPostprocessing = 1;
		};
		AC886AB31B99DC7E00972B2E /* CopyFiles */ = {
			isa = PBXCopyFilesBuildPhase;
			buildActionMask = 2147483647;
			dstPath = /usr/share/man/man1/;
			dstSubfolderSpec = 0;
			files = (
			);
			runOnlyForDeploymentPostprocessing = 1;
		};
/* End PBXCopyFilesBuildPhase section */

/* Begin PBXFileReference section */
		AC1CFA7B1B9A3A1F00B755DD /* libhtml.a */ = {isa = PBXFileReference; explicitFileType = archive.ar; includeInIndex = 0; path = libhtml.a; sourceTree = BUILT_PRODUCTS_DIR; };
		AC1CFA8B1B9A3B5300B755DD /* libutilities.a */ = {isa = PBXFileReference; explicitFileType = archive.ar; includeInIndex = 0; path = libutilities.a; sourceTree = BUILT_PRODUCTS_DIR; };
		AC1CFA9B1B9B77DD00B755DD /* fetch */ = {isa = PBXFileReference; explicitFileType = "compiled.mach-o.executable"; includeInIndex = 0; path = fetch; sourceTree = BUILT_PRODUCTS_DIR; };
		AC1CFAA21B9B781000B755DD /* fetch.cpp */ = {isa = PBXFileReference; fileEncoding = 4; lastKnownFileType = sourcecode.cpp.cpp; name = fetch.cpp; path = src/fetch/fetch.cpp; sourceTree = SOURCE_ROOT; };
		AC1CFAA41B9B78C200B755DD /* FetcherBase.cpp */ = {isa = PBXFileReference; fileEncoding = 4; lastKnownFileType = sourcecode.cpp.cpp; name = FetcherBase.cpp; path = src/fetch/FetcherBase.cpp; sourceTree = SOURCE_ROOT; };
		AC1CFAA61B9B79D800B755DD /* FetcherDbworld.cpp */ = {isa = PBXFileReference; fileEncoding = 4; lastKnownFileType = sourcecode.cpp.cpp; name = FetcherDbworld.cpp; path = src/fetch/FetcherDbworld.cpp; sourceTree = SOURCE_ROOT; };
		AC1CFAAA1B9B7A7700B755DD /* FetcherScholarshipLinks.cpp */ = {isa = PBXFileReference; fileEncoding = 4; lastKnownFileType = sourcecode.cpp.cpp; name = FetcherScholarshipLinks.cpp; path = src/fetch/FetcherScholarshipLinks.cpp; sourceTree = SOURCE_ROOT; };
		AC1CFAAC1B9B7ADB00B755DD /* FetcherScholarshipPositions.cpp */ = {isa = PBXFileReference; fileEncoding = 4; lastKnownFileType = sourcecode.cpp.cpp; name = FetcherScholarshipPositions.cpp; path = src/fetch/FetcherScholarshipPositions.cpp; sourceTree = SOURCE_ROOT; };
		AC1CFAB01B9B7C9500B755DD /* FetchedInfoBase.h */ = {isa = PBXFileReference; fileEncoding = 4; lastKnownFileType = sourcecode.c.h; name = FetchedInfoBase.h; path = include/fetch/FetchedInfoBase.h; sourceTree = SOURCE_ROOT; };
		AC1CFAB11B9B7CBC00B755DD /* FetchedInfoScholarship.h */ = {isa = PBXFileReference; fileEncoding = 4; lastKnownFileType = sourcecode.c.h; name = FetchedInfoScholarship.h; path = include/fetch/FetchedInfoScholarship.h; sourceTree = SOURCE_ROOT; };
		AC1CFAB21B9B7CE900B755DD /* FetcherBase.h */ = {isa = PBXFileReference; fileEncoding = 4; lastKnownFileType = sourcecode.c.h; name = FetcherBase.h; path = include/fetch/FetcherBase.h; sourceTree = SOURCE_ROOT; };
		AC1CFAB31B9B7D3900B755DD /* FetcherDbworld.h */ = {isa = PBXFileReference; fileEncoding = 4; lastKnownFileType = sourcecode.c.h; name = FetcherDbworld.h; path = include/fetch/FetcherDbworld.h; sourceTree = SOURCE_ROOT; };
		AC1CFAB51B9B7DC400B755DD /* FetcherScholarshipLinks.h */ = {isa = PBXFileReference; fileEncoding = 4; lastKnownFileType = sourcecode.c.h; name = FetcherScholarshipLinks.h; path = include/fetch/FetcherScholarshipLinks.h; sourceTree = SOURCE_ROOT; };
		AC1CFAB61B9B7DEC00B755DD /* FetcherScholarshipPositions.h */ = {isa = PBXFileReference; fileEncoding = 4; lastKnownFileType = sourcecode.c.h; name = FetcherScholarshipPositions.h; path = include/fetch/FetcherScholarshipPositions.h; sourceTree = SOURCE_ROOT; };
		AC1CFABF1B9C5E9200B755DD /* libhtmlgen.a */ = {isa = PBXFileReference; explicitFileType = archive.ar; includeInIndex = 0; path = libhtmlgen.a; sourceTree = BUILT_PRODUCTS_DIR; };
		AC1CFAC31B9C5EC100B755DD /* Database.cpp */ = {isa = PBXFileReference; fileEncoding = 4; lastKnownFileType = sourcecode.cpp.cpp; name = Database.cpp; path = src/htmlgen/Database.cpp; sourceTree = SOURCE_ROOT; };
		AC1CFAC51B9C5EE700B755DD /* DataEntry.cpp */ = {isa = PBXFileReference; fileEncoding = 4; lastKnownFileType = sourcecode.cpp.cpp; name = DataEntry.cpp; path = src/htmlgen/DataEntry.cpp; sourceTree = SOURCE_ROOT; };
		AC1CFAC71B9C5F1B00B755DD /* HtmlGenBase.cpp */ = {isa = PBXFileReference; fileEncoding = 4; lastKnownFileType = sourcecode.cpp.cpp; name = HtmlGenBase.cpp; path = src/htmlgen/HtmlGenBase.cpp; sourceTree = SOURCE_ROOT; };
		AC1CFAC91B9C5F6700B755DD /* HtmlGenDbworld.cpp */ = {isa = PBXFileReference; fileEncoding = 4; lastKnownFileType = sourcecode.cpp.cpp; name = HtmlGenDbworld.cpp; path = src/htmlgen/HtmlGenDbworld.cpp; sourceTree = SOURCE_ROOT; };
		AC1CFACB1B9C5F9000B755DD /* HtmlGenScholarshipPosition.cpp */ = {isa = PBXFileReference; fileEncoding = 4; lastKnownFileType = sourcecode.cpp.cpp; name = HtmlGenScholarshipPosition.cpp; path = src/htmlgen/HtmlGenScholarshipPosition.cpp; sourceTree = SOURCE_ROOT; };
		AC1CFACD1B9C5FC400B755DD /* HtmlGenScholarshipsLinks.cpp */ = {isa = PBXFileReference; fileEncoding = 4; lastKnownFileType = sourcecode.cpp.cpp; name = HtmlGenScholarshipsLinks.cpp; path = src/htmlgen/HtmlGenScholarshipsLinks.cpp; sourceTree = SOURCE_ROOT; };
		AC1CFACF1B9C5FE500B755DD /* HtmlResult.cpp */ = {isa = PBXFileReference; fileEncoding = 4; lastKnownFileType = sourcecode.cpp.cpp; name = HtmlResult.cpp; path = src/htmlgen/HtmlResult.cpp; sourceTree = SOURCE_ROOT; };
		AC1CFAD11B9C600F00B755DD /* Manager.cpp */ = {isa = PBXFileReference; fileEncoding = 4; lastKnownFileType = sourcecode.cpp.cpp; name = Manager.cpp; path = src/htmlgen/Manager.cpp; sourceTree = SOURCE_ROOT; };
		AC1CFAD31B9C602900B755DD /* Title.cpp */ = {isa = PBXFileReference; fileEncoding = 4; lastKnownFileType = sourcecode.cpp.cpp; name = Title.cpp; path = src/htmlgen/Title.cpp; sourceTree = SOURCE_ROOT; };
		AC1CFAD51B9C607F00B755DD /* Database.h */ = {isa = PBXFileReference; fileEncoding = 4; lastKnownFileType = sourcecode.c.h; name = Database.h; path = include/htmlgen/Database.h; sourceTree = SOURCE_ROOT; };
		AC1CFAD71B9C60A900B755DD /* DataEntry.h */ = {isa = PBXFileReference; fileEncoding = 4; lastKnownFileType = sourcecode.c.h; name = DataEntry.h; path = include/htmlgen/DataEntry.h; sourceTree = SOURCE_ROOT; };
		AC1CFAD91B9C60F300B755DD /* HtmlGenBase.h */ = {isa = PBXFileReference; fileEncoding = 4; lastKnownFileType = sourcecode.c.h; name = HtmlGenBase.h; path = include/htmlgen/HtmlGenBase.h; sourceTree = SOURCE_ROOT; };
		AC1CFADB1B9C612100B755DD /* HtmlGenDbworld.h */ = {isa = PBXFileReference; fileEncoding = 4; lastKnownFileType = sourcecode.c.h; name = HtmlGenDbworld.h; path = include/htmlgen/HtmlGenDbworld.h; sourceTree = SOURCE_ROOT; };
		AC1CFADD1B9C614200B755DD /* HtmlGenScholarshipPosition.h */ = {isa = PBXFileReference; fileEncoding = 4; lastKnownFileType = sourcecode.c.h; name = HtmlGenScholarshipPosition.h; path = include/htmlgen/HtmlGenScholarshipPosition.h; sourceTree = SOURCE_ROOT; };
		AC1CFADF1B9C616B00B755DD /* Header.h */ = {isa = PBXFileReference; fileEncoding = 4; lastKnownFileType = sourcecode.c.h; name = Header.h; path = include/htmlgen/Header.h; sourceTree = SOURCE_ROOT; };
		AC1CFAE11B9C618500B755DD /* HtmlResult.h */ = {isa = PBXFileReference; fileEncoding = 4; lastKnownFileType = sourcecode.c.h; name = HtmlResult.h; path = include/htmlgen/HtmlResult.h; sourceTree = SOURCE_ROOT; };
		AC1CFAE31B9C619F00B755DD /* Manager.h */ = {isa = PBXFileReference; fileEncoding = 4; lastKnownFileType = sourcecode.c.h; name = Manager.h; path = include/htmlgen/Manager.h; sourceTree = SOURCE_ROOT; };
		AC1CFAE51B9C61CB00B755DD /* Title.h */ = {isa = PBXFileReference; fileEncoding = 4; lastKnownFileType = sourcecode.c.h; name = Title.h; path = include/htmlgen/Title.h; sourceTree = SOURCE_ROOT; };
		AC2369B61B9A1D86006D35C2 /* CharsetConverter.cpp */ = {isa = PBXFileReference; fileEncoding = 4; lastKnownFileType = sourcecode.cpp.cpp; name = CharsetConverter.cpp; path = src/html/CharsetConverter.cpp; sourceTree = SOURCE_ROOT; };
		AC2369B81B9A1DCC006D35C2 /* CharsetConverter.h */ = {isa = PBXFileReference; fileEncoding = 4; lastKnownFileType = sourcecode.c.h; name = CharsetConverter.h; path = include/html/CharsetConverter.h; sourceTree = SOURCE_ROOT; };
		AC2369B91B9A1E10006D35C2 /* ci_string.h */ = {isa = PBXFileReference; fileEncoding = 4; lastKnownFileType = sourcecode.c.h; name = ci_string.h; path = include/html/ci_string.h; sourceTree = SOURCE_ROOT; };
		AC2369BA1B9A1E39006D35C2 /* debug.h */ = {isa = PBXFileReference; fileEncoding = 4; lastKnownFileType = sourcecode.c.h; name = debug.h; path = include/html/debug.h; sourceTree = SOURCE_ROOT; };
		AC2369BB1B9A1E6B006D35C2 /* Extensions.cpp */ = {isa = PBXFileReference; fileEncoding = 4; lastKnownFileType = sourcecode.cpp.cpp; name = Extensions.cpp; path = src/html/Extensions.cpp; sourceTree = SOURCE_ROOT; };
		AC2369BD1B9A1E9F006D35C2 /* Extensions.h */ = {isa = PBXFileReference; fileEncoding = 4; lastKnownFileType = sourcecode.c.h; name = Extensions.h; path = include/html/Extensions.h; sourceTree = SOURCE_ROOT; };
		AC2369BE1B9A1F50006D35C2 /* Node.cpp */ = {isa = PBXFileReference; fileEncoding = 4; lastKnownFileType = sourcecode.cpp.cpp; name = Node.cpp; path = src/html/Node.cpp; sourceTree = SOURCE_ROOT; };
		AC2369C01B9A1F79006D35C2 /* Node.h */ = {isa = PBXFileReference; fileEncoding = 4; lastKnownFileType = sourcecode.c.h; name = Node.h; path = include/html/Node.h; sourceTree = SOURCE_ROOT; };
		AC2369C11B9A1FB3006D35C2 /* wincstring.h */ = {isa = PBXFileReference; fileEncoding = 4; lastKnownFileType = sourcecode.c.h; name = wincstring.h; path = include/html/wincstring.h; sourceTree = SOURCE_ROOT; };
		AC2369C21B9A1FE1006D35C2 /* ParserDom.cpp */ = {isa = PBXFileReference; fileEncoding = 4; lastKnownFileType = sourcecode.cpp.cpp; name = ParserDom.cpp; path = src/html/ParserDom.cpp; sourceTree = SOURCE_ROOT; };
		AC2369C41B9A2017006D35C2 /* ParserDom.h */ = {isa = PBXFileReference; fileEncoding = 4; lastKnownFileType = sourcecode.c.h; name = ParserDom.h; path = include/html/ParserDom.h; sourceTree = SOURCE_ROOT; };
		AC2369C51B9A203C006D35C2 /* ParserSax.cpp */ = {isa = PBXFileReference; fileEncoding = 4; lastKnownFileType = sourcecode.cpp.cpp; name = ParserSax.cpp; path = src/html/ParserSax.cpp; sourceTree = SOURCE_ROOT; };
		AC2369C71B9A205F006D35C2 /* ParserSax.h */ = {isa = PBXFileReference; fileEncoding = 4; lastKnownFileType = sourcecode.c.h; name = ParserSax.h; path = include/html/ParserSax.h; sourceTree = SOURCE_ROOT; };
		AC2369C81B9A20A3006D35C2 /* tree.h */ = {isa = PBXFileReference; fileEncoding = 4; lastKnownFileType = sourcecode.c.h; name = tree.h; path = include/html/tree.h; sourceTree = SOURCE_ROOT; };
		AC2369C91B9A21EB006D35C2 /* profile.h */ = {isa = PBXFileReference; fileEncoding = 4; lastKnownFileType = sourcecode.c.h; name = profile.h; path = include/html/profile.h; sourceTree = SOURCE_ROOT; };
		AC2369CA1B9A2208006D35C2 /* tld.h */ = {isa = PBXFileReference; fileEncoding = 4; lastKnownFileType = sourcecode.c.h; name = tld.h; path = include/html/tld.h; sourceTree = SOURCE_ROOT; };
		AC2369CB1B9A2232006D35C2 /* Uri.cpp */ = {isa = PBXFileReference; fileEncoding = 4; lastKnownFileType = sourcecode.cpp.cpp; name = Uri.cpp; path = src/html/Uri.cpp; sourceTree = SOURCE_ROOT; };
		AC2369CD1B9A2252006D35C2 /* Uri.h */ = {isa = PBXFileReference; fileEncoding = 4; lastKnownFileType = sourcecode.c.h; name = Uri.h; path = include/html/Uri.h; sourceTree = SOURCE_ROOT; };
		AC2369CE1B9A2271006D35C2 /* utils.cpp */ = {isa = PBXFileReference; fileEncoding = 4; lastKnownFileType = sourcecode.cpp.cpp; name = utils.cpp; path = src/html/utils.cpp; sourceTree = SOURCE_ROOT; };
		AC2369D01B9A2292006D35C2 /* utils.h */ = {isa = PBXFileReference; fileEncoding = 4; lastKnownFileType = sourcecode.c.h; name = utils.h; path = include/html/utils.h; sourceTree = SOURCE_ROOT; };
		AC2369D11B9A2358006D35C2 /* wingetopt.h */ = {isa = PBXFileReference; fileEncoding = 4; lastKnownFileType = sourcecode.c.h; name = wingetopt.h; path = include/wingetopt.h; sourceTree = SOURCE_ROOT; };
		AC2369D41B9A23E9006D35C2 /* Configuration.h */ = {isa = PBXFileReference; fileEncoding = 4; lastKnownFileType = sourcecode.c.h; name = Configuration.h; path = include/utilities/Configuration.h; sourceTree = SOURCE_ROOT; };
		AC2369D51B9A241A006D35C2 /* ConstantStrings.h */ = {isa = PBXFileReference; fileEncoding = 4; lastKnownFileType = sourcecode.c.h; name = ConstantStrings.h; path = include/utilities/ConstantStrings.h; sourceTree = SOURCE_ROOT; };
		AC2369D61B9A243C006D35C2 /* DateConverter.h */ = {isa = PBXFileReference; fileEncoding = 4; lastKnownFileType = sourcecode.c.h; name = DateConverter.h; path = include/utilities/DateConverter.h; sourceTree = SOURCE_ROOT; };
		AC2369D71B9A2458006D35C2 /* DateType.h */ = {isa = PBXFileReference; fileEncoding = 4; lastKnownFileType = sourcecode.c.h; name = DateType.h; path = include/utilities/DateType.h; sourceTree = SOURCE_ROOT; };
		AC2369D81B9A2477006D35C2 /* HelperFunctions.h */ = {isa = PBXFileReference; fileEncoding = 4; lastKnownFileType = sourcecode.c.h; name = HelperFunctions.h; path = include/utilities/HelperFunctions.h; sourceTree = SOURCE_ROOT; };
		AC2369D91B9A249A006D35C2 /* Logger.h */ = {isa = PBXFileReference; fileEncoding = 4; lastKnownFileType = sourcecode.c.h; name = Logger.h; path = include/utilities/Logger.h; sourceTree = SOURCE_ROOT; };
		AC2369DA1B9A24B5006D35C2 /* ProgramOptions.h */ = {isa = PBXFileReference; fileEncoding = 4; lastKnownFileType = sourcecode.c.h; name = ProgramOptions.h; path = include/utilities/ProgramOptions.h; sourceTree = SOURCE_ROOT; };
		AC2369DB1B9A24F9006D35C2 /* Configuration.cpp */ = {isa = PBXFileReference; fileEncoding = 4; lastKnownFileType = sourcecode.cpp.cpp; name = Configuration.cpp; path = src/utilities/Configuration.cpp; sourceTree = SOURCE_ROOT; };
		AC2369DD1B9A2527006D35C2 /* ConstantStrings.cpp */ = {isa = PBXFileReference; fileEncoding = 4; lastKnownFileType = sourcecode.cpp.cpp; name = ConstantStrings.cpp; path = src/utilities/ConstantStrings.cpp; sourceTree = SOURCE_ROOT; };
		AC2369DF1B9A2577006D35C2 /* DateConverter.cpp */ = {isa = PBXFileReference; fileEncoding = 4; lastKnownFileType = sourcecode.cpp.cpp; name = DateConverter.cpp; path = src/utilities/DateConverter.cpp; sourceTree = SOURCE_ROOT; };
		AC2369E11B9A25A4006D35C2 /* HelperFunctions.cpp */ = {isa = PBXFileReference; fileEncoding = 4; lastKnownFileType = sourcecode.cpp.cpp; name = HelperFunctions.cpp; path = src/utilities/HelperFunctions.cpp; sourceTree = SOURCE_ROOT; };
		AC2369E31B9A25D4006D35C2 /* Logger.cpp */ = {isa = PBXFileReference; fileEncoding = 4; lastKnownFileType = sourcecode.cpp.cpp; name = Logger.cpp; path = src/utilities/Logger.cpp; sourceTree = SOURCE_ROOT; };
		AC6D669B1B9CD387004CE102 /* HtmlGenScholarshipsLinks.h */ = {isa = PBXFileReference; fileEncoding = 4; lastKnownFileType = sourcecode.c.h; name = HtmlGenScholarshipsLinks.h; path = include/htmlgen/HtmlGenScholarshipsLinks.h; sourceTree = SOURCE_ROOT; };
		AC80DE2A1B9DA40E007C88B5 /* libinit.a */ = {isa = PBXFileReference; explicitFileType = archive.ar; includeInIndex = 0; path = libinit.a; sourceTree = BUILT_PRODUCTS_DIR; };
		AC80DE301B9DA545007C88B5 /* Init.h */ = {isa = PBXFileReference; fileEncoding = 4; lastKnownFileType = sourcecode.c.h; name = Init.h; path = include/init/Init.h; sourceTree = SOURCE_ROOT; };
		AC80DE321B9DA55B007C88B5 /* Init.cpp */ = {isa = PBXFileReference; fileEncoding = 4; lastKnownFileType = sourcecode.cpp.cpp; name = Init.cpp; path = src/init/Init.cpp; sourceTree = SOURCE_ROOT; };
		AC80DE351B9DE5B3007C88B5 /* findscholarships.cpp */ = {isa = PBXFileReference; fileEncoding = 4; lastKnownFileType = sourcecode.cpp.cpp; path = findscholarships.cpp; sourceTree = SOURCE_ROOT; };
		AC886AB51B99DC7E00972B2E /* findscholarships-new */ = {isa = PBXFileReference; explicitFileType = "compiled.mach-o.executable"; includeInIndex = 0; path = "findscholarships-new"; sourceTree = BUILT_PRODUCTS_DIR; };
/* End PBXFileReference section */

/* Begin PBXFrameworksBuildPhase section */
		AC1CFA781B9A3A1F00B755DD /* Frameworks */ = {
			isa = PBXFrameworksBuildPhase;
			buildActionMask = 2147483647;
			files = (
			);
			runOnlyForDeploymentPostprocessing = 0;
		};
		AC1CFA881B9A3B5300B755DD /* Frameworks */ = {
			isa = PBXFrameworksBuildPhase;
			buildActionMask = 2147483647;
			files = (
			);
			runOnlyForDeploymentPostprocessing = 0;
		};
		AC1CFA981B9B77DD00B755DD /* Frameworks */ = {
			isa = PBXFrameworksBuildPhase;
			buildActionMask = 2147483647;
			files = (
				AC80DE341B9DB01C007C88B5 /* libinit.a in Frameworks */,
				AC1CFAB71B9B99EC00B755DD /* libhtml.a in Frameworks */,
				AC1CFAB81B9B99EC00B755DD /* libutilities.a in Frameworks */,
			);
			runOnlyForDeploymentPostprocessing = 0;
		};
		AC1CFABC1B9C5E9200B755DD /* Frameworks */ = {
			isa = PBXFrameworksBuildPhase;
			buildActionMask = 2147483647;
			files = (
			);
			runOnlyForDeploymentPostprocessing = 0;
		};
		AC80DE271B9DA40E007C88B5 /* Frameworks */ = {
			isa = PBXFrameworksBuildPhase;
			buildActionMask = 2147483647;
			files = (
			);
			runOnlyForDeploymentPostprocessing = 0;
		};
		AC886AB21B99DC7E00972B2E /* Frameworks */ = {
			isa = PBXFrameworksBuildPhase;
			buildActionMask = 2147483647;
			files = (
				AC9730521B9EC500002D9E00 /* libhtmlgen.a in Frameworks */,
				AC9730531B9EC500002D9E00 /* libinit.a in Frameworks */,
				AC1CFA941B9A3BEB00B755DD /* libutilities.a in Frameworks */,
				AC1CFA861B9A3B2D00B755DD /* libhtml.a in Frameworks */,
			);
			runOnlyForDeploymentPostprocessing = 0;
		};
/* End PBXFrameworksBuildPhase section */

/* Begin PBXGroup section */
		AC1CFA951B9A3D1700B755DD /* fetch */ = {
			isa = PBXGroup;
			children = (
				AC1CFAA21B9B781000B755DD /* fetch.cpp */,
				AC1CFAA41B9B78C200B755DD /* FetcherBase.cpp */,
				AC1CFAA61B9B79D800B755DD /* FetcherDbworld.cpp */,
				AC1CFAAA1B9B7A7700B755DD /* FetcherScholarshipLinks.cpp */,
				AC1CFAAC1B9B7ADB00B755DD /* FetcherScholarshipPositions.cpp */,
			);
			name = fetch;
			sourceTree = "<group>";
		};
		AC1CFA961B9A3D1D00B755DD /* fetch */ = {
			isa = PBXGroup;
			children = (
				AC1CFAB01B9B7C9500B755DD /* FetchedInfoBase.h */,
				AC1CFAB11B9B7CBC00B755DD /* FetchedInfoScholarship.h */,
				AC1CFAB21B9B7CE900B755DD /* FetcherBase.h */,
				AC1CFAB31B9B7D3900B755DD /* FetcherDbworld.h */,
				AC1CFAB51B9B7DC400B755DD /* FetcherScholarshipLinks.h */,
				AC1CFAB61B9B7DEC00B755DD /* FetcherScholarshipPositions.h */,
			);
			name = fetch;
			sourceTree = "<group>";
		};
		AC1CFAB91B9C5DF600B755DD /* htmlgen */ = {
			isa = PBXGroup;
			children = (
				AC1CFAC31B9C5EC100B755DD /* Database.cpp */,
				AC1CFAC51B9C5EE700B755DD /* DataEntry.cpp */,
				AC1CFAC71B9C5F1B00B755DD /* HtmlGenBase.cpp */,
				AC1CFAC91B9C5F6700B755DD /* HtmlGenDbworld.cpp */,
				AC1CFACB1B9C5F9000B755DD /* HtmlGenScholarshipPosition.cpp */,
				AC1CFACD1B9C5FC400B755DD /* HtmlGenScholarshipsLinks.cpp */,
				AC1CFACF1B9C5FE500B755DD /* HtmlResult.cpp */,
				AC1CFAD11B9C600F00B755DD /* Manager.cpp */,
				AC1CFAD31B9C602900B755DD /* Title.cpp */,
			);
			name = htmlgen;
			sourceTree = "<group>";
		};
		AC1CFABA1B9C5E4600B755DD /* htmlgen */ = {
			isa = PBXGroup;
			children = (
				AC1CFAD51B9C607F00B755DD /* Database.h */,
				AC1CFAD71B9C60A900B755DD /* DataEntry.h */,
				AC1CFAD91B9C60F300B755DD /* HtmlGenBase.h */,
				AC1CFADB1B9C612100B755DD /* HtmlGenDbworld.h */,
				AC1CFADD1B9C614200B755DD /* HtmlGenScholarshipPosition.h */,
				AC1CFADF1B9C616B00B755DD /* Header.h */,
				AC1CFAE11B9C618500B755DD /* HtmlResult.h */,
				AC1CFAE31B9C619F00B755DD /* Manager.h */,
				AC1CFAE51B9C61CB00B755DD /* Title.h */,
				AC6D669B1B9CD387004CE102 /* HtmlGenScholarshipsLinks.h */,
			);
			name = htmlgen;
			sourceTree = "<group>";
		};
		AC2369B21B9A1D42006D35C2 /* include */ = {
			isa = PBXGroup;
			children = (
				AC821C191B9D809E00CE3115 /* init */,
				AC1CFABA1B9C5E4600B755DD /* htmlgen */,
				AC1CFA961B9A3D1D00B755DD /* fetch */,
				AC2369B31B9A1D4F006D35C2 /* html */,
				AC2369D21B9A23BA006D35C2 /* utilities */,
				AC2369D11B9A2358006D35C2 /* wingetopt.h */,
			);
			name = include;
			sourceTree = "<group>";
		};
		AC2369B31B9A1D4F006D35C2 /* html */ = {
			isa = PBXGroup;
			children = (
				AC2369B81B9A1DCC006D35C2 /* CharsetConverter.h */,
				AC2369B91B9A1E10006D35C2 /* ci_string.h */,
				AC2369BA1B9A1E39006D35C2 /* debug.h */,
				AC2369BD1B9A1E9F006D35C2 /* Extensions.h */,
				AC2369C01B9A1F79006D35C2 /* Node.h */,
				AC2369C11B9A1FB3006D35C2 /* wincstring.h */,
				AC2369C41B9A2017006D35C2 /* ParserDom.h */,
				AC2369C71B9A205F006D35C2 /* ParserSax.h */,
				AC2369C81B9A20A3006D35C2 /* tree.h */,
				AC2369C91B9A21EB006D35C2 /* profile.h */,
				AC2369CA1B9A2208006D35C2 /* tld.h */,
				AC2369CD1B9A2252006D35C2 /* Uri.h */,
				AC2369D01B9A2292006D35C2 /* utils.h */,
			);
			name = html;
			sourceTree = "<group>";
		};
		AC2369B41B9A1D56006D35C2 /* src */ = {
			isa = PBXGroup;
			children = (
				AC821C181B9D809700CE3115 /* init */,
				AC1CFAB91B9C5DF600B755DD /* htmlgen */,
				AC1CFA951B9A3D1700B755DD /* fetch */,
				AC2369B51B9A1D5B006D35C2 /* html */,
				AC2369D31B9A23CA006D35C2 /* utilities */,
			);
			name = src;
			sourceTree = "<group>";
		};
		AC2369B51B9A1D5B006D35C2 /* html */ = {
			isa = PBXGroup;
			children = (
				AC2369B61B9A1D86006D35C2 /* CharsetConverter.cpp */,
				AC2369BB1B9A1E6B006D35C2 /* Extensions.cpp */,
				AC2369BE1B9A1F50006D35C2 /* Node.cpp */,
				AC2369C21B9A1FE1006D35C2 /* ParserDom.cpp */,
				AC2369C51B9A203C006D35C2 /* ParserSax.cpp */,
				AC2369CB1B9A2232006D35C2 /* Uri.cpp */,
				AC2369CE1B9A2271006D35C2 /* utils.cpp */,
			);
			name = html;
			sourceTree = "<group>";
		};
		AC2369D21B9A23BA006D35C2 /* utilities */ = {
			isa = PBXGroup;
			children = (
				AC2369D41B9A23E9006D35C2 /* Configuration.h */,
				AC2369D51B9A241A006D35C2 /* ConstantStrings.h */,
				AC2369D61B9A243C006D35C2 /* DateConverter.h */,
				AC2369D71B9A2458006D35C2 /* DateType.h */,
				AC2369D81B9A2477006D35C2 /* HelperFunctions.h */,
				AC2369D91B9A249A006D35C2 /* Logger.h */,
				AC2369DA1B9A24B5006D35C2 /* ProgramOptions.h */,
			);
			name = utilities;
			sourceTree = "<group>";
		};
		AC2369D31B9A23CA006D35C2 /* utilities */ = {
			isa = PBXGroup;
			children = (
				AC2369DB1B9A24F9006D35C2 /* Configuration.cpp */,
				AC2369DD1B9A2527006D35C2 /* ConstantStrings.cpp */,
				AC2369DF1B9A2577006D35C2 /* DateConverter.cpp */,
				AC2369E11B9A25A4006D35C2 /* HelperFunctions.cpp */,
				AC2369E31B9A25D4006D35C2 /* Logger.cpp */,
			);
			name = utilities;
			sourceTree = "<group>";
		};
		AC821C181B9D809700CE3115 /* init */ = {
			isa = PBXGroup;
			children = (
				AC80DE321B9DA55B007C88B5 /* Init.cpp */,
			);
			name = init;
			sourceTree = "<group>";
		};
		AC821C191B9D809E00CE3115 /* init */ = {
			isa = PBXGroup;
			children = (
				AC80DE301B9DA545007C88B5 /* Init.h */,
			);
			name = init;
			sourceTree = "<group>";
		};
		AC886AAC1B99DC7E00972B2E = {
			isa = PBXGroup;
			children = (
				AC886AB71B99DC7E00972B2E /* findscholarships-new */,
				AC886AB61B99DC7E00972B2E /* Products */,
			);
			sourceTree = "<group>";
		};
		AC886AB61B99DC7E00972B2E /* Products */ = {
			isa = PBXGroup;
			children = (
				AC886AB51B99DC7E00972B2E /* findscholarships-new */,
				AC1CFA7B1B9A3A1F00B755DD /* libhtml.a */,
				AC1CFA8B1B9A3B5300B755DD /* libutilities.a */,
				AC1CFA9B1B9B77DD00B755DD /* fetch */,
				AC1CFABF1B9C5E9200B755DD /* libhtmlgen.a */,
				AC80DE2A1B9DA40E007C88B5 /* libinit.a */,
			);
			name = Products;
			sourceTree = "<group>";
		};
		AC886AB71B99DC7E00972B2E /* findscholarships-new */ = {
			isa = PBXGroup;
			children = (
				AC2369B41B9A1D56006D35C2 /* src */,
				AC2369B21B9A1D42006D35C2 /* include */,
				AC80DE351B9DE5B3007C88B5 /* findscholarships.cpp */,
			);
			path = "findscholarships-new";
			sourceTree = "<group>";
		};
/* End PBXGroup section */

/* Begin PBXHeadersBuildPhase section */
		AC1CFA791B9A3A1F00B755DD /* Headers */ = {
			isa = PBXHeadersBuildPhase;
			buildActionMask = 2147483647;
			files = (
			);
			runOnlyForDeploymentPostprocessing = 0;
		};
		AC1CFA891B9A3B5300B755DD /* Headers */ = {
			isa = PBXHeadersBuildPhase;
			buildActionMask = 2147483647;
			files = (
			);
			runOnlyForDeploymentPostprocessing = 0;
		};
		AC1CFABD1B9C5E9200B755DD /* Headers */ = {
			isa = PBXHeadersBuildPhase;
			buildActionMask = 2147483647;
			files = (
				AC1CFAD61B9C607F00B755DD /* Database.h in Headers */,
				AC6D669C1B9CD387004CE102 /* HtmlGenScholarshipsLinks.h in Headers */,
				AC1CFADA1B9C60F300B755DD /* HtmlGenBase.h in Headers */,
				AC1CFAE41B9C619F00B755DD /* Manager.h in Headers */,
				AC1CFADE1B9C614200B755DD /* HtmlGenScholarshipPosition.h in Headers */,
				AC1CFAE21B9C618500B755DD /* HtmlResult.h in Headers */,
				AC1CFAE01B9C616B00B755DD /* Header.h in Headers */,
				AC1CFAE61B9C61CB00B755DD /* Title.h in Headers */,
				AC1CFAD81B9C60A900B755DD /* DataEntry.h in Headers */,
				AC1CFADC1B9C612100B755DD /* HtmlGenDbworld.h in Headers */,
			);
			runOnlyForDeploymentPostprocessing = 0;
		};
		AC80DE281B9DA40E007C88B5 /* Headers */ = {
			isa = PBXHeadersBuildPhase;
			buildActionMask = 2147483647;
			files = (
				AC80DE311B9DA545007C88B5 /* Init.h in Headers */,
			);
			runOnlyForDeploymentPostprocessing = 0;
		};
/* End PBXHeadersBuildPhase section */

/* Begin PBXNativeTarget section */
		AC1CFA7A1B9A3A1F00B755DD /* html */ = {
			isa = PBXNativeTarget;
			buildConfigurationList = AC1CFA7E1B9A3A1F00B755DD /* Build configuration list for PBXNativeTarget "html" */;
			buildPhases = (
				AC1CFA771B9A3A1F00B755DD /* Sources */,
				AC1CFA781B9A3A1F00B755DD /* Frameworks */,
				AC1CFA791B9A3A1F00B755DD /* Headers */,
			);
			buildRules = (
			);
			dependencies = (
			);
			name = html;
			productName = html;
			productReference = AC1CFA7B1B9A3A1F00B755DD /* libhtml.a */;
			productType = "com.apple.product-type.library.static";
		};
		AC1CFA8A1B9A3B5300B755DD /* utilities */ = {
			isa = PBXNativeTarget;
			buildConfigurationList = AC1CFA8C1B9A3B5300B755DD /* Build configuration list for PBXNativeTarget "utilities" */;
			buildPhases = (
				AC1CFA871B9A3B5300B755DD /* Sources */,
				AC1CFA881B9A3B5300B755DD /* Frameworks */,
				AC1CFA891B9A3B5300B755DD /* Headers */,
			);
			buildRules = (
			);
			dependencies = (
			);
			name = utilities;
			productName = utilities;
			productReference = AC1CFA8B1B9A3B5300B755DD /* libutilities.a */;
			productType = "com.apple.product-type.library.static";
		};
		AC1CFA9A1B9B77DD00B755DD /* fetch */ = {
			isa = PBXNativeTarget;
			buildConfigurationList = AC1CFA9F1B9B77DD00B755DD /* Build configuration list for PBXNativeTarget "fetch" */;
			buildPhases = (
				AC1CFA971B9B77DD00B755DD /* Sources */,
				AC1CFA981B9B77DD00B755DD /* Frameworks */,
				AC1CFA991B9B77DD00B755DD /* CopyFiles */,
			);
			buildRules = (
			);
			dependencies = (
			);
			name = fetch;
			productName = fetch;
			productReference = AC1CFA9B1B9B77DD00B755DD /* fetch */;
			productType = "com.apple.product-type.tool";
		};
		AC1CFABE1B9C5E9200B755DD /* htmlgen */ = {
			isa = PBXNativeTarget;
			buildConfigurationList = AC1CFAC01B9C5E9200B755DD /* Build configuration list for PBXNativeTarget "htmlgen" */;
			buildPhases = (
				AC1CFABB1B9C5E9200B755DD /* Sources */,
				AC1CFABC1B9C5E9200B755DD /* Frameworks */,
				AC1CFABD1B9C5E9200B755DD /* Headers */,
			);
			buildRules = (
			);
			dependencies = (
			);
			name = htmlgen;
			productName = htmlgen;
			productReference = AC1CFABF1B9C5E9200B755DD /* libhtmlgen.a */;
			productType = "com.apple.product-type.library.static";
		};
		AC80DE291B9DA40E007C88B5 /* init */ = {
			isa = PBXNativeTarget;
			buildConfigurationList = AC80DE2D1B9DA40E007C88B5 /* Build configuration list for PBXNativeTarget "init" */;
			buildPhases = (
				AC80DE261B9DA40E007C88B5 /* Sources */,
				AC80DE271B9DA40E007C88B5 /* Frameworks */,
				AC80DE281B9DA40E007C88B5 /* Headers */,
			);
			buildRules = (
			);
			dependencies = (
			);
			name = init;
			productName = init;
			productReference = AC80DE2A1B9DA40E007C88B5 /* libinit.a */;
			productType = "com.apple.product-type.library.static";
		};
		AC886AB41B99DC7E00972B2E /* findscholarships-new */ = {
			isa = PBXNativeTarget;
			buildConfigurationList = AC886ABC1B99DC7E00972B2E /* Build configuration list for PBXNativeTarget "findscholarships-new" */;
			buildPhases = (
				AC886AB11B99DC7E00972B2E /* Sources */,
				AC886AB21B99DC7E00972B2E /* Frameworks */,
				AC886AB31B99DC7E00972B2E /* CopyFiles */,
			);
			buildRules = (
			);
			dependencies = (
			);
			name = "findscholarships-new";
			productName = "findscholarships-new";
			productReference = AC886AB51B99DC7E00972B2E /* findscholarships-new */;
			productType = "com.apple.product-type.tool";
		};
/* End PBXNativeTarget section */

/* Begin PBXProject section */
		AC886AAD1B99DC7E00972B2E /* Project object */ = {
			isa = PBXProject;
			attributes = {
				LastUpgradeCheck = 0620;
				ORGANIZATIONNAME = "Minh Dao Tran";
				TargetAttributes = {
					AC1CFA7A1B9A3A1F00B755DD = {
						CreatedOnToolsVersion = 6.2;
					};
					AC1CFA8A1B9A3B5300B755DD = {
						CreatedOnToolsVersion = 6.2;
					};
					AC1CFA9A1B9B77DD00B755DD = {
						CreatedOnToolsVersion = 6.2;
					};
					AC1CFABE1B9C5E9200B755DD = {
						CreatedOnToolsVersion = 6.2;
					};
					AC80DE291B9DA40E007C88B5 = {
						CreatedOnToolsVersion = 6.2;
					};
					AC886AB41B99DC7E00972B2E = {
						CreatedOnToolsVersion = 6.2;
					};
				};
			};
			buildConfigurationList = AC886AB01B99DC7E00972B2E /* Build configuration list for PBXProject "findscholarships-new" */;
			compatibilityVersion = "Xcode 3.2";
			developmentRegion = English;
			hasScannedForEncodings = 0;
			knownRegions = (
				en,
			);
			mainGroup = AC886AAC1B99DC7E00972B2E;
			productRefGroup = AC886AB61B99DC7E00972B2E /* Products */;
			projectDirPath = "";
			projectRoot = "";
			targets = (
				AC886AB41B99DC7E00972B2E /* findscholarships-new */,
				AC1CFA7A1B9A3A1F00B755DD /* html */,
				AC1CFA8A1B9A3B5300B755DD /* utilities */,
				AC1CFA9A1B9B77DD00B755DD /* fetch */,
				AC1CFABE1B9C5E9200B755DD /* htmlgen */,
				AC80DE291B9DA40E007C88B5 /* init */,
			);
		};
/* End PBXProject section */

/* Begin PBXSourcesBuildPhase section */
		AC1CFA771B9A3A1F00B755DD /* Sources */ = {
			isa = PBXSourcesBuildPhase;
			buildActionMask = 2147483647;
			files = (
				AC1CFA7F1B9A3A3300B755DD /* CharsetConverter.cpp in Sources */,
				AC1CFA801B9A3A3300B755DD /* Extensions.cpp in Sources */,
				AC1CFA811B9A3A3300B755DD /* Node.cpp in Sources */,
				AC1CFA821B9A3A3300B755DD /* ParserDom.cpp in Sources */,
				AC1CFA831B9A3A3300B755DD /* ParserSax.cpp in Sources */,
				AC1CFA841B9A3A3300B755DD /* Uri.cpp in Sources */,
				AC1CFA851B9A3A3300B755DD /* utils.cpp in Sources */,
			);
			runOnlyForDeploymentPostprocessing = 0;
		};
		AC1CFA871B9A3B5300B755DD /* Sources */ = {
			isa = PBXSourcesBuildPhase;
			buildActionMask = 2147483647;
			files = (
				AC1CFA8F1B9A3B5E00B755DD /* Configuration.cpp in Sources */,
				AC1CFA901B9A3B5E00B755DD /* ConstantStrings.cpp in Sources */,
				AC1CFA911B9A3B5E00B755DD /* DateConverter.cpp in Sources */,
				AC1CFA921B9A3B5E00B755DD /* HelperFunctions.cpp in Sources */,
				AC1CFA931B9A3B5E00B755DD /* Logger.cpp in Sources */,
			);
			runOnlyForDeploymentPostprocessing = 0;
		};
		AC1CFA971B9B77DD00B755DD /* Sources */ = {
			isa = PBXSourcesBuildPhase;
			buildActionMask = 2147483647;
			files = (
				AC1CFAA51B9B78C200B755DD /* FetcherBase.cpp in Sources */,
				AC1CFAAB1B9B7A7700B755DD /* FetcherScholarshipLinks.cpp in Sources */,
				AC1CFAAD1B9B7ADB00B755DD /* FetcherScholarshipPositions.cpp in Sources */,
				AC1CFAA71B9B79D800B755DD /* FetcherDbworld.cpp in Sources */,
				AC1CFAA31B9B781000B755DD /* fetch.cpp in Sources */,
			);
			runOnlyForDeploymentPostprocessing = 0;
		};
		AC1CFABB1B9C5E9200B755DD /* Sources */ = {
			isa = PBXSourcesBuildPhase;
			buildActionMask = 2147483647;
			files = (
				AC1CFACA1B9C5F6700B755DD /* HtmlGenDbworld.cpp in Sources */,
				AC1CFAC81B9C5F1B00B755DD /* HtmlGenBase.cpp in Sources */,
				AC1CFACC1B9C5F9000B755DD /* HtmlGenScholarshipPosition.cpp in Sources */,
				AC1CFAC61B9C5EE700B755DD /* DataEntry.cpp in Sources */,
				AC1CFACE1B9C5FC400B755DD /* HtmlGenScholarshipsLinks.cpp in Sources */,
				AC1CFAC41B9C5EC100B755DD /* Database.cpp in Sources */,
				AC1CFAD41B9C602900B755DD /* Title.cpp in Sources */,
				AC1CFAD01B9C5FE500B755DD /* HtmlResult.cpp in Sources */,
				AC1CFAD21B9C600F00B755DD /* Manager.cpp in Sources */,
			);
			runOnlyForDeploymentPostprocessing = 0;
		};
		AC80DE261B9DA40E007C88B5 /* Sources */ = {
			isa = PBXSourcesBuildPhase;
			buildActionMask = 2147483647;
			files = (
				AC80DE331B9DA55B007C88B5 /* Init.cpp in Sources */,
			);
			runOnlyForDeploymentPostprocessing = 0;
		};
		AC886AB11B99DC7E00972B2E /* Sources */ = {
			isa = PBXSourcesBuildPhase;
			buildActionMask = 2147483647;
			files = (
				AC80DE361B9DE5B3007C88B5 /* findscholarships.cpp in Sources */,
			);
			runOnlyForDeploymentPostprocessing = 0;
		};
/* End PBXSourcesBuildPhase section */

/* Begin XCBuildConfiguration section */
		AC1CFA7C1B9A3A1F00B755DD /* Debug */ = {
			isa = XCBuildConfiguration;
			buildSettings = {
				ALWAYS_SEARCH_USER_PATHS = NO;
				EXECUTABLE_PREFIX = lib;
				GCC_PREPROCESSOR_DEFINITIONS = (
					"DEBUG=1",
					"$(inherited)",
				);
				PRODUCT_NAME = "$(TARGET_NAME)";
			};
			name = Debug;
		};
		AC1CFA7D1B9A3A1F00B755DD /* Release */ = {
			isa = XCBuildConfiguration;
			buildSettings = {
				ALWAYS_SEARCH_USER_PATHS = NO;
				EXECUTABLE_PREFIX = lib;
				PRODUCT_NAME = "$(TARGET_NAME)";
			};
			name = Release;
		};
		AC1CFA8D1B9A3B5300B755DD /* Debug */ = {
			isa = XCBuildConfiguration;
			buildSettings = {
				ALWAYS_SEARCH_USER_PATHS = NO;
				EXECUTABLE_PREFIX = lib;
				GCC_PREPROCESSOR_DEFINITIONS = (
					"DEBUG=1",
					"$(inherited)",
				);
				"OTHER_CPLUSPLUSFLAGS[arch=*]" = (
					"$(OTHER_CFLAGS)",
					"-I/opt/local/include",
				);
				PRODUCT_NAME = "$(TARGET_NAME)";
			};
			name = Debug;
		};
		AC1CFA8E1B9A3B5300B755DD /* Release */ = {
			isa = XCBuildConfiguration;
			buildSettings = {
				ALWAYS_SEARCH_USER_PATHS = NO;
				EXECUTABLE_PREFIX = lib;
				"OTHER_CPLUSPLUSFLAGS[arch=*]" = (
					"$(OTHER_CFLAGS)",
					"-I/opt/local/include",
				);
				PRODUCT_NAME = "$(TARGET_NAME)";
			};
			name = Release;
		};
		AC1CFAA01B9B77DD00B755DD /* Debug */ = {
			isa = XCBuildConfiguration;
			buildSettings = {
				ALWAYS_SEARCH_USER_PATHS = NO;
				GCC_PREPROCESSOR_DEFINITIONS = (
					"DEBUG=1",
					"$(inherited)",
				);
				"OTHER_CPLUSPLUSFLAGS[arch=*]" = (
					"$(OTHER_CFLAGS)",
					"-I/opt/local/include",
				);
				"OTHER_LDFLAGS[arch=*]" = (
					"-liconv",
					"-lboost_system-mt",
					"-lboost_date_time-mt",
					"-lboost_program_options-mt",
					"-lcurl",
					"-lboost_filesystem-mt",
				);
				PRODUCT_NAME = "$(TARGET_NAME)";
			};
			name = Debug;
		};
		AC1CFAA11B9B77DD00B755DD /* Release */ = {
			isa = XCBuildConfiguration;
			buildSettings = {
				ALWAYS_SEARCH_USER_PATHS = NO;
				"OTHER_CPLUSPLUSFLAGS[arch=*]" = (
					"$(OTHER_CFLAGS)",
					"-I/opt/local/include",
				);
				"OTHER_LDFLAGS[arch=*]" = (
					"-liconv",
					"-lboost_system-mt",
					"-lboost_date_time-mt",
					"-lboost_program_options-mt",
					"-lcurl",
					"-lboost_filesystem-mt",
				);
				PRODUCT_NAME = "$(TARGET_NAME)";
			};
			name = Release;
		};
		AC1CFAC11B9C5E9200B755DD /* Debug */ = {
			isa = XCBuildConfiguration;
			buildSettings = {
				ALWAYS_SEARCH_USER_PATHS = NO;
				EXECUTABLE_PREFIX = lib;
				GCC_PREPROCESSOR_DEFINITIONS = (
					"DEBUG=1",
					"$(inherited)",
				);
				"OTHER_CPLUSPLUSFLAGS[arch=*]" = (
					"$(OTHER_CFLAGS)",
					"-I/opt/local/include",
				);
				PRODUCT_NAME = "$(TARGET_NAME)";
			};
			name = Debug;
		};
		AC1CFAC21B9C5E9200B755DD /* Release */ = {
			isa = XCBuildConfiguration;
			buildSettings = {
				ALWAYS_SEARCH_USER_PATHS = NO;
				EXECUTABLE_PREFIX = lib;
				"OTHER_CPLUSPLUSFLAGS[arch=*]" = (
					"$(OTHER_CFLAGS)",
					"-I/opt/local/include",
				);
				PRODUCT_NAME = "$(TARGET_NAME)";
			};
			name = Release;
		};
		AC80DE2B1B9DA40E007C88B5 /* Debug */ = {
			isa = XCBuildConfiguration;
			buildSettings = {
				ALWAYS_SEARCH_USER_PATHS = NO;
				EXECUTABLE_PREFIX = lib;
				GCC_PREPROCESSOR_DEFINITIONS = (
					"DEBUG=1",
					"$(inherited)",
				);
				OTHER_CPLUSPLUSFLAGS = (
					"$(OTHER_CFLAGS)",
					"-I/opt/local/include",
				);
				"OTHER_LDFLAGS[arch=*]" = (
					"-liconv",
					"-lboost_system-mt",
					"-lboost_date_time-mt",
					"-lboost_filesystem-mt",
				);
				PRODUCT_NAME = "$(TARGET_NAME)";
			};
			name = Debug;
		};
		AC80DE2C1B9DA40E007C88B5 /* Release */ = {
			isa = XCBuildConfiguration;
			buildSettings = {
				ALWAYS_SEARCH_USER_PATHS = NO;
				EXECUTABLE_PREFIX = lib;
				OTHER_CPLUSPLUSFLAGS = (
					"$(OTHER_CFLAGS)",
					"-I/opt/local/include",
				);
				"OTHER_LDFLAGS[arch=*]" = (
					"-liconv",
					"-lboost_date_time-mt",
					"-lboost_system-mt",
					"-lboost_filesystem-mt",
				);
				PRODUCT_NAME = "$(TARGET_NAME)";
			};
			name = Release;
		};
		AC886ABA1B99DC7E00972B2E /* Debug */ = {
			isa = XCBuildConfiguration;
			buildSettings = {
				ALWAYS_SEARCH_USER_PATHS = YES;
				CLANG_CXX_LANGUAGE_STANDARD = "gnu++0x";
				CLANG_CXX_LIBRARY = "libc++";
				CLANG_ENABLE_MODULES = YES;
				CLANG_ENABLE_OBJC_ARC = YES;
				CLANG_WARN_BOOL_CONVERSION = YES;
				CLANG_WARN_CONSTANT_CONVERSION = YES;
				CLANG_WARN_DIRECT_OBJC_ISA_USAGE = YES_ERROR;
				CLANG_WARN_EMPTY_BODY = YES;
				CLANG_WARN_ENUM_CONVERSION = YES;
				CLANG_WARN_INT_CONVERSION = YES;
				CLANG_WARN_OBJC_ROOT_CLASS = YES_ERROR;
				CLANG_WARN_UNREACHABLE_CODE = YES;
				CLANG_WARN__DUPLICATE_METHOD_MATCH = YES;
				COPY_PHASE_STRIP = NO;
				ENABLE_STRICT_OBJC_MSGSEND = YES;
				"FRAMEWORK_SEARCH_PATHS[arch=*]" = /opt/local/include;
				GCC_C_LANGUAGE_STANDARD = gnu99;
				GCC_DYNAMIC_NO_PIC = NO;
				GCC_OPTIMIZATION_LEVEL = 0;
				GCC_PREPROCESSOR_DEFINITIONS = (
					"DEBUG=1",
					"$(inherited)",
				);
				GCC_SYMBOLS_PRIVATE_EXTERN = NO;
				GCC_WARN_64_TO_32_BIT_CONVERSION = YES;
				GCC_WARN_ABOUT_RETURN_TYPE = YES_ERROR;
				GCC_WARN_UNDECLARED_SELECTOR = YES;
				GCC_WARN_UNINITIALIZED_AUTOS = YES_AGGRESSIVE;
				GCC_WARN_UNUSED_FUNCTION = YES;
				GCC_WARN_UNUSED_VARIABLE = YES;
				"LIBRARY_SEARCH_PATHS[arch=*]" = (
					/opt/local/lib,
					/usr/lib,
					/opt/local/include,
				);
				MACOSX_DEPLOYMENT_TARGET = 10.9;
				MTL_ENABLE_DEBUG_INFO = YES;
				ONLY_ACTIVE_ARCH = YES;
				"OTHER_LDFLAGS[arch=*]" = (
					"-liconv",
					"-lboost_system-mt",
					"-lboost_date_time-mt",
				);
				SDKROOT = macosx;
			};
			name = Debug;
		};
		AC886ABB1B99DC7E00972B2E /* Release */ = {
			isa = XCBuildConfiguration;
			buildSettings = {
				ALWAYS_SEARCH_USER_PATHS = YES;
				CLANG_CXX_LANGUAGE_STANDARD = "gnu++0x";
				CLANG_CXX_LIBRARY = "libc++";
				CLANG_ENABLE_MODULES = YES;
				CLANG_ENABLE_OBJC_ARC = YES;
				CLANG_WARN_BOOL_CONVERSION = YES;
				CLANG_WARN_CONSTANT_CONVERSION = YES;
				CLANG_WARN_DIRECT_OBJC_ISA_USAGE = YES_ERROR;
				CLANG_WARN_EMPTY_BODY = YES;
				CLANG_WARN_ENUM_CONVERSION = YES;
				CLANG_WARN_INT_CONVERSION = YES;
				CLANG_WARN_OBJC_ROOT_CLASS = YES_ERROR;
				CLANG_WARN_UNREACHABLE_CODE = YES;
				CLANG_WARN__DUPLICATE_METHOD_MATCH = YES;
				COPY_PHASE_STRIP = NO;
				DEBUG_INFORMATION_FORMAT = "dwarf-with-dsym";
				ENABLE_NS_ASSERTIONS = NO;
				ENABLE_STRICT_OBJC_MSGSEND = YES;
				"FRAMEWORK_SEARCH_PATHS[arch=*]" = /opt/local/include;
				GCC_C_LANGUAGE_STANDARD = gnu99;
				GCC_WARN_64_TO_32_BIT_CONVERSION = YES;
				GCC_WARN_ABOUT_RETURN_TYPE = YES_ERROR;
				GCC_WARN_UNDECLARED_SELECTOR = YES;
				GCC_WARN_UNINITIALIZED_AUTOS = YES_AGGRESSIVE;
				GCC_WARN_UNUSED_FUNCTION = YES;
				GCC_WARN_UNUSED_VARIABLE = YES;
				"LIBRARY_SEARCH_PATHS[arch=*]" = (
					/usr/lib,
					/opt/local/lib,
				);
				MACOSX_DEPLOYMENT_TARGET = 10.9;
				MTL_ENABLE_DEBUG_INFO = NO;
				"OTHER_LDFLAGS[arch=*]" = (
					"-liconv",
					"-lboost_date_time-mt",
					"-lboost_system-mt",
				);
				SDKROOT = macosx;
			};
			name = Release;
		};
		AC886ABD1B99DC7E00972B2E /* Debug */ = {
			isa = XCBuildConfiguration;
			buildSettings = {
				"FRAMEWORK_SEARCH_PATHS[arch=*]" = "";
				"LIBRARY_SEARCH_PATHS[arch=*]" = (
					/opt/local/lib,
					/usr/lib,
				);
				OTHER_CPLUSPLUSFLAGS = (
					"-I/opt/local/include",
					"$(OTHER_CFLAGS)",
				);
				OTHER_LDFLAGS = "";
				"OTHER_LDFLAGS[arch=*]" = (
					"-liconv",
					"-lboost_system-mt",
					"-lboost_date_time-mt",
					"-lboost_filesystem-mt",
				);
				PRODUCT_NAME = "$(TARGET_NAME)";
			};
			name = Debug;
		};
		AC886ABE1B99DC7E00972B2E /* Release */ = {
			isa = XCBuildConfiguration;
			buildSettings = {
				"FRAMEWORK_SEARCH_PATHS[arch=*]" = "";
				"LIBRARY_SEARCH_PATHS[arch=*]" = (
					/usr/lib,
					/opt/local/lib,
				);
				OTHER_CPLUSPLUSFLAGS = (
					"-I/opt/local/include",
					"$(OTHER_CFLAGS)",
				);
				OTHER_LDFLAGS = "";
				"OTHER_LDFLAGS[arch=*]" = (
					"-liconv",
					"-lboost_system-mt",
					"-lboost_date_time-mt",
					"-lboost_filesystem-mt",
				);
				PRODUCT_NAME = "$(TARGET_NAME)";
			};
			name = Release;
		};
/* End XCBuildConfiguration section */

/* Begin XCConfigurationList section */
		AC1CFA7E1B9A3A1F00B755DD /* Build configuration list for PBXNativeTarget "html" */ = {
			isa = XCConfigurationList;
			buildConfigurations = (
				AC1CFA7C1B9A3A1F00B755DD /* Debug */,
				AC1CFA7D1B9A3A1F00B755DD /* Release */,
			);
			defaultConfigurationIsVisible = 0;
			defaultConfigurationName = Release;
		};
		AC1CFA8C1B9A3B5300B755DD /* Build configuration list for PBXNativeTarget "utilities" */ = {
			isa = XCConfigurationList;
			buildConfigurations = (
				AC1CFA8D1B9A3B5300B755DD /* Debug */,
				AC1CFA8E1B9A3B5300B755DD /* Release */,
			);
			defaultConfigurationIsVisible = 0;
			defaultConfigurationName = Release;
		};
		AC1CFA9F1B9B77DD00B755DD /* Build configuration list for PBXNativeTarget "fetch" */ = {
			isa = XCConfigurationList;
			buildConfigurations = (
				AC1CFAA01B9B77DD00B755DD /* Debug */,
				AC1CFAA11B9B77DD00B755DD /* Release */,
			);
			defaultConfigurationIsVisible = 0;
			defaultConfigurationName = Release;
		};
		AC1CFAC01B9C5E9200B755DD /* Build configuration list for PBXNativeTarget "htmlgen" */ = {
			isa = XCConfigurationList;
			buildConfigurations = (
				AC1CFAC11B9C5E9200B755DD /* Debug */,
				AC1CFAC21B9C5E9200B755DD /* Release */,
			);
			defaultConfigurationIsVisible = 0;
			defaultConfigurationName = Release;
		};
		AC80DE2D1B9DA40E007C88B5 /* Build configuration list for PBXNativeTarget "init" */ = {
			isa = XCConfigurationList;
			buildConfigurations = (
				AC80DE2B1B9DA40E007C88B5 /* Debug */,
				AC80DE2C1B9DA40E007C88B5 /* Release */,
			);
			defaultConfigurationIsVisible = 0;
			defaultConfigurationName = Release;
		};
		AC886AB01B99DC7E00972B2E /* Build configuration list for PBXProject "findscholarships-new" */ = {
			isa = XCConfigurationList;
			buildConfigurations = (
				AC886ABA1B99DC7E00972B2E /* Debug */,
				AC886ABB1B99DC7E00972B2E /* Release */,
			);
			defaultConfigurationIsVisible = 0;
			defaultConfigurationName = Release;
		};
		AC886ABC1B99DC7E00972B2E /* Build configuration list for PBXNativeTarget "findscholarships-new" */ = {
			isa = XCConfigurationList;
			buildConfigurations = (
				AC886ABD1B99DC7E00972B2E /* Debug */,
				AC886ABE1B99DC7E00972B2E /* Release */,
			);
			defaultConfigurationIsVisible = 0;
			defaultConfigurationName = Release;
		};
/* End XCConfigurationList section */
	};
	rootObject = AC886AAD1B99DC7E00972B2E /* Project object */;
}
