// !$*UTF8*$!
{
	archiveVersion = 1;
	classes = {
	};
	objectVersion = 46;
	objects = {

/* Begin PBXBuildFile section */
		AC886AE81B99E03B00972B2E /* main.cpp in Sources */ = {isa = PBXBuildFile; fileRef = AC886AE61B99E03B00972B2E /* main.cpp */; };
		AC886AEF1B99E3D000972B2E /* Extensions.cpp in Sources */ = {isa = PBXBuildFile; fileRef = AC886AED1B99E3D000972B2E /* Extensions.cpp */; };
		AC886AF21B99E41200972B2E /* CharsetConverter.cpp in Sources */ = {isa = PBXBuildFile; fileRef = AC886AF01B99E41200972B2E /* CharsetConverter.cpp */; };
		AC886AF81B99E4F900972B2E /* Node.cpp in Sources */ = {isa = PBXBuildFile; fileRef = AC886AF61B99E4F900972B2E /* Node.cpp */; };
		AC886AFC1B99E60B00972B2E /* ParserDom.cpp in Sources */ = {isa = PBXBuildFile; fileRef = AC886AFA1B99E60B00972B2E /* ParserDom.cpp */; };
		AC886AFF1B99E65E00972B2E /* ParserSax.cpp in Sources */ = {isa = PBXBuildFile; fileRef = AC886AFD1B99E65E00972B2E /* ParserSax.cpp */; };
		AC886B061B99E8C900972B2E /* Uri.cpp in Sources */ = {isa = PBXBuildFile; fileRef = AC886B041B99E8C900972B2E /* Uri.cpp */; };
		AC886B091B99E90A00972B2E /* utils.cpp in Sources */ = {isa = PBXBuildFile; fileRef = AC886B071B99E90A00972B2E /* utils.cpp */; };
/* End PBXBuildFile section */

/* Begin PBXCopyFilesBuildPhase section */
		AC886AB31B99DC7E00972B2E /* CopyFiles */ = {
			isa = PBXCopyFilesBuildPhase;
			buildActionMask = 2147483647;
			dstPath = /usr/share/man/man1/;
			dstSubfolderSpec = 0;
			files = (
			);
			runOnlyForDeploymentPostprocessing = 1;
		};
/* End PBXCopyFilesBuildPhase section */

/* Begin PBXFileReference section */
		AC886AB51B99DC7E00972B2E /* findscholarships-new */ = {isa = PBXFileReference; explicitFileType = "compiled.mach-o.executable"; includeInIndex = 0; path = "findscholarships-new"; sourceTree = BUILT_PRODUCTS_DIR; };
		AC886AE61B99E03B00972B2E /* main.cpp */ = {isa = PBXFileReference; fileEncoding = 4; lastKnownFileType = sourcecode.cpp.cpp; path = main.cpp; sourceTree = SOURCE_ROOT; };
		AC886AED1B99E3D000972B2E /* Extensions.cpp */ = {isa = PBXFileReference; fileEncoding = 4; lastKnownFileType = sourcecode.cpp.cpp; name = Extensions.cpp; path = html/Extensions.cpp; sourceTree = SOURCE_ROOT; };
		AC886AEE1B99E3D000972B2E /* Extensions.h */ = {isa = PBXFileReference; fileEncoding = 4; lastKnownFileType = sourcecode.c.h; name = Extensions.h; path = html/Extensions.h; sourceTree = SOURCE_ROOT; };
		AC886AF01B99E41200972B2E /* CharsetConverter.cpp */ = {isa = PBXFileReference; fileEncoding = 4; lastKnownFileType = sourcecode.cpp.cpp; name = CharsetConverter.cpp; path = html/CharsetConverter.cpp; sourceTree = SOURCE_ROOT; };
		AC886AF11B99E41200972B2E /* CharsetConverter.h */ = {isa = PBXFileReference; fileEncoding = 4; lastKnownFileType = sourcecode.c.h; name = CharsetConverter.h; path = html/CharsetConverter.h; sourceTree = SOURCE_ROOT; };
		AC886AF41B99E48A00972B2E /* ci_string.h */ = {isa = PBXFileReference; fileEncoding = 4; lastKnownFileType = sourcecode.c.h; name = ci_string.h; path = html/ci_string.h; sourceTree = SOURCE_ROOT; };
		AC886AF61B99E4F900972B2E /* Node.cpp */ = {isa = PBXFileReference; fileEncoding = 4; lastKnownFileType = sourcecode.cpp.cpp; name = Node.cpp; path = html/Node.cpp; sourceTree = SOURCE_ROOT; };
		AC886AF71B99E4F900972B2E /* Node.h */ = {isa = PBXFileReference; fileEncoding = 4; lastKnownFileType = sourcecode.c.h; name = Node.h; path = html/Node.h; sourceTree = SOURCE_ROOT; };
		AC886AF91B99E54C00972B2E /* wincstring.h */ = {isa = PBXFileReference; lastKnownFileType = sourcecode.c.h; name = wincstring.h; path = html/wincstring.h; sourceTree = SOURCE_ROOT; };
		AC886AFA1B99E60B00972B2E /* ParserDom.cpp */ = {isa = PBXFileReference; fileEncoding = 4; lastKnownFileType = sourcecode.cpp.cpp; name = ParserDom.cpp; path = html/ParserDom.cpp; sourceTree = SOURCE_ROOT; };
		AC886AFB1B99E60B00972B2E /* ParserDom.h */ = {isa = PBXFileReference; fileEncoding = 4; lastKnownFileType = sourcecode.c.h; name = ParserDom.h; path = html/ParserDom.h; sourceTree = SOURCE_ROOT; };
		AC886AFD1B99E65E00972B2E /* ParserSax.cpp */ = {isa = PBXFileReference; fileEncoding = 4; lastKnownFileType = sourcecode.cpp.cpp; name = ParserSax.cpp; path = html/ParserSax.cpp; sourceTree = SOURCE_ROOT; };
		AC886AFE1B99E65E00972B2E /* ParserSax.h */ = {isa = PBXFileReference; fileEncoding = 4; lastKnownFileType = sourcecode.c.h; name = ParserSax.h; path = html/ParserSax.h; sourceTree = SOURCE_ROOT; };
		AC886B041B99E8C900972B2E /* Uri.cpp */ = {isa = PBXFileReference; fileEncoding = 4; lastKnownFileType = sourcecode.cpp.cpp; name = Uri.cpp; path = html/Uri.cpp; sourceTree = SOURCE_ROOT; };
		AC886B051B99E8C900972B2E /* Uri.h */ = {isa = PBXFileReference; fileEncoding = 4; lastKnownFileType = sourcecode.c.h; name = Uri.h; path = html/Uri.h; sourceTree = SOURCE_ROOT; };
		AC886B071B99E90A00972B2E /* utils.cpp */ = {isa = PBXFileReference; fileEncoding = 4; lastKnownFileType = sourcecode.cpp.cpp; name = utils.cpp; path = html/utils.cpp; sourceTree = SOURCE_ROOT; };
		AC886B081B99E90A00972B2E /* utils.h */ = {isa = PBXFileReference; fileEncoding = 4; lastKnownFileType = sourcecode.c.h; name = utils.h; path = html/utils.h; sourceTree = SOURCE_ROOT; };
		AC886B0A1B99E94600972B2E /* tree.h */ = {isa = PBXFileReference; fileEncoding = 4; lastKnownFileType = sourcecode.c.h; name = tree.h; path = html/tree.h; sourceTree = SOURCE_ROOT; };
		AC886B0B1B99E97E00972B2E /* debug.h */ = {isa = PBXFileReference; fileEncoding = 4; lastKnownFileType = sourcecode.c.h; name = debug.h; path = html/debug.h; sourceTree = SOURCE_ROOT; };
		AC886B0C1B99E9A400972B2E /* profile.h */ = {isa = PBXFileReference; fileEncoding = 4; lastKnownFileType = sourcecode.c.h; name = profile.h; path = html/profile.h; sourceTree = SOURCE_ROOT; };
		AC886B0D1B99EA6E00972B2E /* tld.h */ = {isa = PBXFileReference; fileEncoding = 4; lastKnownFileType = sourcecode.c.h; name = tld.h; path = html/tld.h; sourceTree = SOURCE_ROOT; };
/* End PBXFileReference section */

/* Begin PBXFrameworksBuildPhase section */
		AC886AB21B99DC7E00972B2E /* Frameworks */ = {
			isa = PBXFrameworksBuildPhase;
			buildActionMask = 2147483647;
			files = (
			);
			runOnlyForDeploymentPostprocessing = 0;
		};
/* End PBXFrameworksBuildPhase section */

/* Begin PBXGroup section */
		AC886AAC1B99DC7E00972B2E = {
			isa = PBXGroup;
			children = (
				AC886AB71B99DC7E00972B2E /* findscholarships-new */,
				AC886AB61B99DC7E00972B2E /* Products */,
			);
			sourceTree = "<group>";
		};
		AC886AB61B99DC7E00972B2E /* Products */ = {
			isa = PBXGroup;
			children = (
				AC886AB51B99DC7E00972B2E /* findscholarships-new */,
			);
			name = Products;
			sourceTree = "<group>";
		};
		AC886AB71B99DC7E00972B2E /* findscholarships-new */ = {
			isa = PBXGroup;
			children = (
				AC886AE61B99E03B00972B2E /* main.cpp */,
				AC886AE91B99E07000972B2E /* html */,
			);
			path = "findscholarships-new";
			sourceTree = "<group>";
		};
		AC886AE91B99E07000972B2E /* html */ = {
			isa = PBXGroup;
			children = (
				AC886AED1B99E3D000972B2E /* Extensions.cpp */,
				AC886AEE1B99E3D000972B2E /* Extensions.h */,
				AC886AF01B99E41200972B2E /* CharsetConverter.cpp */,
				AC886AF11B99E41200972B2E /* CharsetConverter.h */,
				AC886AF41B99E48A00972B2E /* ci_string.h */,
				AC886AF61B99E4F900972B2E /* Node.cpp */,
				AC886AF71B99E4F900972B2E /* Node.h */,
				AC886AF91B99E54C00972B2E /* wincstring.h */,
				AC886AFA1B99E60B00972B2E /* ParserDom.cpp */,
				AC886AFB1B99E60B00972B2E /* ParserDom.h */,
				AC886AFD1B99E65E00972B2E /* ParserSax.cpp */,
				AC886AFE1B99E65E00972B2E /* ParserSax.h */,
				AC886B041B99E8C900972B2E /* Uri.cpp */,
				AC886B051B99E8C900972B2E /* Uri.h */,
				AC886B071B99E90A00972B2E /* utils.cpp */,
				AC886B081B99E90A00972B2E /* utils.h */,
				AC886B0A1B99E94600972B2E /* tree.h */,
				AC886B0B1B99E97E00972B2E /* debug.h */,
				AC886B0C1B99E9A400972B2E /* profile.h */,
				AC886B0D1B99EA6E00972B2E /* tld.h */,
			);
			name = html;
			sourceTree = "<group>";
		};
/* End PBXGroup section */

/* Begin PBXNativeTarget section */
		AC886AB41B99DC7E00972B2E /* findscholarships-new */ = {
			isa = PBXNativeTarget;
			buildConfigurationList = AC886ABC1B99DC7E00972B2E /* Build configuration list for PBXNativeTarget "findscholarships-new" */;
			buildPhases = (
				AC886AB11B99DC7E00972B2E /* Sources */,
				AC886AB21B99DC7E00972B2E /* Frameworks */,
				AC886AB31B99DC7E00972B2E /* CopyFiles */,
			);
			buildRules = (
			);
			dependencies = (
			);
			name = "findscholarships-new";
			productName = "findscholarships-new";
			productReference = AC886AB51B99DC7E00972B2E /* findscholarships-new */;
			productType = "com.apple.product-type.tool";
		};
/* End PBXNativeTarget section */

/* Begin PBXProject section */
		AC886AAD1B99DC7E00972B2E /* Project object */ = {
			isa = PBXProject;
			attributes = {
				LastUpgradeCheck = 0620;
				ORGANIZATIONNAME = "Minh Dao Tran";
				TargetAttributes = {
					AC886AB41B99DC7E00972B2E = {
						CreatedOnToolsVersion = 6.2;
					};
				};
			};
			buildConfigurationList = AC886AB01B99DC7E00972B2E /* Build configuration list for PBXProject "findscholarships-new" */;
			compatibilityVersion = "Xcode 3.2";
			developmentRegion = English;
			hasScannedForEncodings = 0;
			knownRegions = (
				en,
			);
			mainGroup = AC886AAC1B99DC7E00972B2E;
			productRefGroup = AC886AB61B99DC7E00972B2E /* Products */;
			projectDirPath = "";
			projectRoot = "";
			targets = (
				AC886AB41B99DC7E00972B2E /* findscholarships-new */,
			);
		};
/* End PBXProject section */

/* Begin PBXSourcesBuildPhase section */
		AC886AB11B99DC7E00972B2E /* Sources */ = {
			isa = PBXSourcesBuildPhase;
			buildActionMask = 2147483647;
			files = (
				AC886B061B99E8C900972B2E /* Uri.cpp in Sources */,
				AC886AF21B99E41200972B2E /* CharsetConverter.cpp in Sources */,
				AC886AFF1B99E65E00972B2E /* ParserSax.cpp in Sources */,
				AC886AEF1B99E3D000972B2E /* Extensions.cpp in Sources */,
				AC886AE81B99E03B00972B2E /* main.cpp in Sources */,
				AC886B091B99E90A00972B2E /* utils.cpp in Sources */,
				AC886AF81B99E4F900972B2E /* Node.cpp in Sources */,
				AC886AFC1B99E60B00972B2E /* ParserDom.cpp in Sources */,
			);
			runOnlyForDeploymentPostprocessing = 0;
		};
/* End PBXSourcesBuildPhase section */

/* Begin XCBuildConfiguration section */
		AC886ABA1B99DC7E00972B2E /* Debug */ = {
			isa = XCBuildConfiguration;
			buildSettings = {
				ALWAYS_SEARCH_USER_PATHS = YES;
				CLANG_CXX_LANGUAGE_STANDARD = "gnu++0x";
				CLANG_CXX_LIBRARY = "libc++";
				CLANG_ENABLE_MODULES = YES;
				CLANG_ENABLE_OBJC_ARC = YES;
				CLANG_WARN_BOOL_CONVERSION = YES;
				CLANG_WARN_CONSTANT_CONVERSION = YES;
				CLANG_WARN_DIRECT_OBJC_ISA_USAGE = YES_ERROR;
				CLANG_WARN_EMPTY_BODY = YES;
				CLANG_WARN_ENUM_CONVERSION = YES;
				CLANG_WARN_INT_CONVERSION = YES;
				CLANG_WARN_OBJC_ROOT_CLASS = YES_ERROR;
				CLANG_WARN_UNREACHABLE_CODE = YES;
				CLANG_WARN__DUPLICATE_METHOD_MATCH = YES;
				COPY_PHASE_STRIP = NO;
				ENABLE_STRICT_OBJC_MSGSEND = YES;
				GCC_C_LANGUAGE_STANDARD = gnu99;
				GCC_DYNAMIC_NO_PIC = NO;
				GCC_OPTIMIZATION_LEVEL = 0;
				GCC_PREPROCESSOR_DEFINITIONS = (
					"DEBUG=1",
					"$(inherited)",
				);
				GCC_SYMBOLS_PRIVATE_EXTERN = NO;
				GCC_WARN_64_TO_32_BIT_CONVERSION = YES;
				GCC_WARN_ABOUT_RETURN_TYPE = YES_ERROR;
				GCC_WARN_UNDECLARED_SELECTOR = YES;
				GCC_WARN_UNINITIALIZED_AUTOS = YES_AGGRESSIVE;
				GCC_WARN_UNUSED_FUNCTION = YES;
				GCC_WARN_UNUSED_VARIABLE = YES;
				"LIBRARY_SEARCH_PATHS[arch=*]" = /usr/lib;
				MACOSX_DEPLOYMENT_TARGET = 10.9;
				MTL_ENABLE_DEBUG_INFO = YES;
				ONLY_ACTIVE_ARCH = YES;
				"OTHER_LDFLAGS[arch=*]" = "-liconv";
				SDKROOT = macosx;
			};
			name = Debug;
		};
		AC886ABB1B99DC7E00972B2E /* Release */ = {
			isa = XCBuildConfiguration;
			buildSettings = {
				ALWAYS_SEARCH_USER_PATHS = YES;
				CLANG_CXX_LANGUAGE_STANDARD = "gnu++0x";
				CLANG_CXX_LIBRARY = "libc++";
				CLANG_ENABLE_MODULES = YES;
				CLANG_ENABLE_OBJC_ARC = YES;
				CLANG_WARN_BOOL_CONVERSION = YES;
				CLANG_WARN_CONSTANT_CONVERSION = YES;
				CLANG_WARN_DIRECT_OBJC_ISA_USAGE = YES_ERROR;
				CLANG_WARN_EMPTY_BODY = YES;
				CLANG_WARN_ENUM_CONVERSION = YES;
				CLANG_WARN_INT_CONVERSION = YES;
				CLANG_WARN_OBJC_ROOT_CLASS = YES_ERROR;
				CLANG_WARN_UNREACHABLE_CODE = YES;
				CLANG_WARN__DUPLICATE_METHOD_MATCH = YES;
				COPY_PHASE_STRIP = NO;
				DEBUG_INFORMATION_FORMAT = "dwarf-with-dsym";
				ENABLE_NS_ASSERTIONS = NO;
				ENABLE_STRICT_OBJC_MSGSEND = YES;
				GCC_C_LANGUAGE_STANDARD = gnu99;
				GCC_WARN_64_TO_32_BIT_CONVERSION = YES;
				GCC_WARN_ABOUT_RETURN_TYPE = YES_ERROR;
				GCC_WARN_UNDECLARED_SELECTOR = YES;
				GCC_WARN_UNINITIALIZED_AUTOS = YES_AGGRESSIVE;
				GCC_WARN_UNUSED_FUNCTION = YES;
				GCC_WARN_UNUSED_VARIABLE = YES;
				"LIBRARY_SEARCH_PATHS[arch=*]" = /usr/lib;
				MACOSX_DEPLOYMENT_TARGET = 10.9;
				MTL_ENABLE_DEBUG_INFO = NO;
				"OTHER_LDFLAGS[arch=*]" = "-liconv";
				SDKROOT = macosx;
			};
			name = Release;
		};
		AC886ABD1B99DC7E00972B2E /* Debug */ = {
			isa = XCBuildConfiguration;
			buildSettings = {
				PRODUCT_NAME = "$(TARGET_NAME)";
			};
			name = Debug;
		};
		AC886ABE1B99DC7E00972B2E /* Release */ = {
			isa = XCBuildConfiguration;
			buildSettings = {
				PRODUCT_NAME = "$(TARGET_NAME)";
			};
			name = Release;
		};
/* End XCBuildConfiguration section */

/* Begin XCConfigurationList section */
		AC886AB01B99DC7E00972B2E /* Build configuration list for PBXProject "findscholarships-new" */ = {
			isa = XCConfigurationList;
			buildConfigurations = (
				AC886ABA1B99DC7E00972B2E /* Debug */,
				AC886ABB1B99DC7E00972B2E /* Release */,
			);
			defaultConfigurationIsVisible = 0;
			defaultConfigurationName = Release;
		};
		AC886ABC1B99DC7E00972B2E /* Build configuration list for PBXNativeTarget "findscholarships-new" */ = {
			isa = XCConfigurationList;
			buildConfigurations = (
				AC886ABD1B99DC7E00972B2E /* Debug */,
				AC886ABE1B99DC7E00972B2E /* Release */,
			);
			defaultConfigurationIsVisible = 0;
		};
/* End XCConfigurationList section */
	};
	rootObject = AC886AAD1B99DC7E00972B2E /* Project object */;
}
